// !$*UTF8*$!
{
	archiveVersion = 1;
	classes = {
	};
	objectVersion = 46;
	objects = {

/* Begin PBXBuildFile section */
		1A88B2641FC3D9C9005C14AE /* Images.xcassets in Resources */ = {isa = PBXBuildFile; fileRef = 1A88B2631FC3D9C9005C14AE /* Images.xcassets */; };
		1AC6FB21180E996B004C840B /* libcocos2d Mac.a in Frameworks */ = {isa = PBXBuildFile; fileRef = 1AC6FAF9180E9839004C840B /* libcocos2d Mac.a */; };
		1AC6FB30180E99EB004C840B /* libcocos2d iOS.a in Frameworks */ = {isa = PBXBuildFile; fileRef = 1AC6FB07180E9839004C840B /* libcocos2d iOS.a */; };
		1AF87B781F6F77F7007BE51C /* AppController.mm in Sources */ = {isa = PBXBuildFile; fileRef = 1AF87B481F6F77D6007BE51C /* AppController.mm */; };
		1AF87B881F6F781D007BE51C /* LaunchScreen.storyboard in Resources */ = {isa = PBXBuildFile; fileRef = 1AF87B591F6F77D6007BE51C /* LaunchScreen.storyboard */; };
		1AF87B891F6F781D007BE51C /* LaunchScreenBackground.png in Resources */ = {isa = PBXBuildFile; fileRef = 1AF87B5A1F6F77D6007BE51C /* LaunchScreenBackground.png */; };
		1AF87B8A1F6F7822007BE51C /* main.m in Sources */ = {isa = PBXBuildFile; fileRef = 1AF87B5B1F6F77D6007BE51C /* main.m */; };
		1AF87B8B1F6F782A007BE51C /* RootViewController.mm in Sources */ = {isa = PBXBuildFile; fileRef = 1AF87B5E1F6F77D6007BE51C /* RootViewController.mm */; };
		1D60589F0D05DD5A006BFB54 /* Foundation.framework in Frameworks */ = {isa = PBXBuildFile; fileRef = 1D30AB110D05D00D00671497 /* Foundation.framework */; };
		1DF5F4E00D08C38300B7A737 /* UIKit.framework in Frameworks */ = {isa = PBXBuildFile; fileRef = 1DF5F4DF0D08C38300B7A737 /* UIKit.framework */; };
		288765A50DF7441C002DB57D /* CoreGraphics.framework in Frameworks */ = {isa = PBXBuildFile; fileRef = 288765A40DF7441C002DB57D /* CoreGraphics.framework */; };
		294D0D641D0D56D500F7F5D4 /* CoreText.framework in Frameworks */ = {isa = PBXBuildFile; fileRef = 294D0D631D0D56D500F7F5D4 /* CoreText.framework */; };
		503AE0F817EB97AB00D1A890 /* Icon.icns in Resources */ = {isa = PBXBuildFile; fileRef = 503AE0F617EB97AB00D1A890 /* Icon.icns */; };
		503AE10517EB98FF00D1A890 /* main.cpp in Sources */ = {isa = PBXBuildFile; fileRef = 503AE10317EB98FF00D1A890 /* main.cpp */; };
		503AE11B17EB9C5A00D1A890 /* IOKit.framework in Frameworks */ = {isa = PBXBuildFile; fileRef = 503AE11A17EB9C5A00D1A890 /* IOKit.framework */; };
		5087E76317EB910900C73F5D /* Foundation.framework in Frameworks */ = {isa = PBXBuildFile; fileRef = 1D30AB110D05D00D00671497 /* Foundation.framework */; };
		5087E76717EB910900C73F5D /* libz.dylib in Frameworks */ = {isa = PBXBuildFile; fileRef = BF170DB412928DE900B8313A /* libz.dylib */; };
		5087E76817EB910900C73F5D /* QuartzCore.framework in Frameworks */ = {isa = PBXBuildFile; fileRef = BF1C47EA1293683800B63C5D /* QuartzCore.framework */; };
		5087E76917EB910900C73F5D /* OpenAL.framework in Frameworks */ = {isa = PBXBuildFile; fileRef = D44C620B132DFF330009C878 /* OpenAL.framework */; };
		5087E76A17EB910900C73F5D /* AVFoundation.framework in Frameworks */ = {isa = PBXBuildFile; fileRef = D44C620D132DFF430009C878 /* AVFoundation.framework */; };
		5087E76B17EB910900C73F5D /* AudioToolbox.framework in Frameworks */ = {isa = PBXBuildFile; fileRef = D44C620F132DFF4E0009C878 /* AudioToolbox.framework */; };
		5087E78917EB974C00C73F5D /* AppKit.framework in Frameworks */ = {isa = PBXBuildFile; fileRef = 5087E78817EB974C00C73F5D /* AppKit.framework */; };
		5087E78B17EB975400C73F5D /* OpenGL.framework in Frameworks */ = {isa = PBXBuildFile; fileRef = 5087E78A17EB975400C73F5D /* OpenGL.framework */; };
		52B47A471A53D09C004E4C60 /* Security.framework in Frameworks */ = {isa = PBXBuildFile; fileRef = 52B47A461A53D09B004E4C60 /* Security.framework */; };
		543A773B210DB6DF00CD4BC6 /* MediaPlayer.framework in Frameworks */ = {isa = PBXBuildFile; fileRef = 543A773A210DB6DF00CD4BC6 /* MediaPlayer.framework */; };
		54862F982239E0C300766B03 /* ScrollViewScene.cpp in Sources */ = {isa = PBXBuildFile; fileRef = 54862F292239E0BE00766B03 /* ScrollViewScene.cpp */; };
		54862F992239E0C300766B03 /* TableViewScene.cpp in Sources */ = {isa = PBXBuildFile; fileRef = 54862F2B2239E0BE00766B03 /* TableViewScene.cpp */; };
		54862F9A2239E0C300766B03 /* CustomViewCell.cpp in Sources */ = {isa = PBXBuildFile; fileRef = 54862F2E2239E0BE00766B03 /* CustomViewCell.cpp */; };
		54862F9B2239E0C300766B03 /* ImageViewScene.cpp in Sources */ = {isa = PBXBuildFile; fileRef = 54862F312239E0BE00766B03 /* ImageViewScene.cpp */; };
		54862F9C2239E0C300766B03 /* LayoutScene.cpp in Sources */ = {isa = PBXBuildFile; fileRef = 54862F342239E0BE00766B03 /* LayoutScene.cpp */; };
		54862F9D2239E0C300766B03 /* VideoPlayerScene.cpp in Sources */ = {isa = PBXBuildFile; fileRef = 54862F372239E0BE00766B03 /* VideoPlayerScene.cpp */; };
		54862F9E2239E0C300766B03 /* ListViewScene.cpp in Sources */ = {isa = PBXBuildFile; fileRef = 54862F3A2239E0BE00766B03 /* ListViewScene.cpp */; };
		54862F9F2239E0C300766B03 /* ButtonScene.cpp in Sources */ = {isa = PBXBuildFile; fileRef = 54862F3C2239E0BE00766B03 /* ButtonScene.cpp */; };
		54862FA02239E0C300766B03 /* TabControlScene.cpp in Sources */ = {isa = PBXBuildFile; fileRef = 54862F402239E0BE00766B03 /* TabControlScene.cpp */; };
		54862FA12239E0C300766B03 /* TextScene.cpp in Sources */ = {isa = PBXBuildFile; fileRef = 54862F432239E0BF00766B03 /* TextScene.cpp */; };
		54862FA22239E0C300766B03 /* DrawNodeScene.cpp in Sources */ = {isa = PBXBuildFile; fileRef = 54862F462239E0BF00766B03 /* DrawNodeScene.cpp */; };
		54862FA32239E0C300766B03 /* UserDefaultScene.cpp in Sources */ = {isa = PBXBuildFile; fileRef = 54862F492239E0BF00766B03 /* UserDefaultScene.cpp */; };
		54862FA42239E0C300766B03 /* ABaseScene.cpp in Sources */ = {isa = PBXBuildFile; fileRef = 54862F4A2239E0BF00766B03 /* ABaseScene.cpp */; };
		54862FA52239E0C300766B03 /* StringUtilsScene.cpp in Sources */ = {isa = PBXBuildFile; fileRef = 54862F4C2239E0BF00766B03 /* StringUtilsScene.cpp */; };
		54862FA62239E0C300766B03 /* TableViewTestScene.cpp in Sources */ = {isa = PBXBuildFile; fileRef = 54862F4F2239E0BF00766B03 /* TableViewTestScene.cpp */; };
		54862FA72239E0C300766B03 /* TableItemView.cpp in Sources */ = {isa = PBXBuildFile; fileRef = 54862F512239E0BF00766B03 /* TableItemView.cpp */; };
		54862FA82239E0C300766B03 /* AudioEngineScene.cpp in Sources */ = {isa = PBXBuildFile; fileRef = 54862F552239E0BF00766B03 /* AudioEngineScene.cpp */; };
		54862FA92239E0C300766B03 /* BaseScene.cpp in Sources */ = {isa = PBXBuildFile; fileRef = 54862F582239E0BF00766B03 /* BaseScene.cpp */; };
		54862FAA2239E0C300766B03 /* JniScene.cpp in Sources */ = {isa = PBXBuildFile; fileRef = 54862F592239E0BF00766B03 /* JniScene.cpp */; };
		54862FAB2239E0C300766B03 /* TransitionTestScene.cpp in Sources */ = {isa = PBXBuildFile; fileRef = 54862F5E2239E0BF00766B03 /* TransitionTestScene.cpp */; };
		54862FAC2239E0C300766B03 /* EraserScene.cpp in Sources */ = {isa = PBXBuildFile; fileRef = 54862F652239E0BF00766B03 /* EraserScene.cpp */; };
		54862FAD2239E0C300766B03 /* CallIOS.mm in Sources */ = {isa = PBXBuildFile; fileRef = 54862F672239E0BF00766B03 /* CallIOS.mm */; };
		54862FAE2239E0C300766B03 /* CallAndroid.cpp in Sources */ = {isa = PBXBuildFile; fileRef = 54862F692239E0BF00766B03 /* CallAndroid.cpp */; };
		54862FAF2239E0C300766B03 /* TestLayerScene.cpp in Sources */ = {isa = PBXBuildFile; fileRef = 54862F6C2239E0BF00766B03 /* TestLayerScene.cpp */; };
		54862FB02239E0C300766B03 /* sqlite3.c in Sources */ = {isa = PBXBuildFile; fileRef = 54862F702239E0C000766B03 /* sqlite3.c */; };
		54862FB12239E0C300766B03 /* DatabaseModule.cpp in Sources */ = {isa = PBXBuildFile; fileRef = 54862F712239E0C000766B03 /* DatabaseModule.cpp */; };
		54862FB22239E0C300766B03 /* AppDelegate.cpp in Sources */ = {isa = PBXBuildFile; fileRef = 54862F742239E0C000766B03 /* AppDelegate.cpp */; };
		54862FB32239E0C300766B03 /* AutoSizeLayout.cpp in Sources */ = {isa = PBXBuildFile; fileRef = 54862F752239E0C000766B03 /* AutoSizeLayout.cpp */; };
		54862FB42239E0C300766B03 /* DownloadModule.cpp in Sources */ = {isa = PBXBuildFile; fileRef = 54862F7A2239E0C100766B03 /* DownloadModule.cpp */; };
		54862FB52239E0C300766B03 /* MainScene.cpp in Sources */ = {isa = PBXBuildFile; fileRef = 54862F7B2239E0C100766B03 /* MainScene.cpp */; };
		54862FB62239E0C300766B03 /* Person.cpp in Sources */ = {isa = PBXBuildFile; fileRef = 54862F7C2239E0C100766B03 /* Person.cpp */; };
		54862FB72239E0C300766B03 /* BasePresenter.cpp in Sources */ = {isa = PBXBuildFile; fileRef = 54862F802239E0C100766B03 /* BasePresenter.cpp */; };
		54862FB82239E0C300766B03 /* BaseView.cpp in Sources */ = {isa = PBXBuildFile; fileRef = 54862F812239E0C100766B03 /* BaseView.cpp */; };
		54862FB92239E0C300766B03 /* StringChangeScene.cpp in Sources */ = {isa = PBXBuildFile; fileRef = 54862F842239E0C100766B03 /* StringChangeScene.cpp */; };
		54862FBA2239E0C300766B03 /* LoginContract.cpp in Sources */ = {isa = PBXBuildFile; fileRef = 54862F892239E0C200766B03 /* LoginContract.cpp */; };
		54862FBB2239E0C300766B03 /* LoginPresenter.cpp in Sources */ = {isa = PBXBuildFile; fileRef = 54862F8A2239E0C200766B03 /* LoginPresenter.cpp */; };
		54862FBC2239E0C300766B03 /* LoginView.cpp in Sources */ = {isa = PBXBuildFile; fileRef = 54862F8C2239E0C200766B03 /* LoginView.cpp */; };
		54862FBD2239E0C300766B03 /* md5.cpp in Sources */ = {isa = PBXBuildFile; fileRef = 54862F8F2239E0C200766B03 /* md5.cpp */; };
		54862FBE2239E0C300766B03 /* GoHttp.cpp in Sources */ = {isa = PBXBuildFile; fileRef = 54862F912239E0C200766B03 /* GoHttp.cpp */; };
		54862FBF2239E0C300766B03 /* TestNetworkScene.cpp in Sources */ = {isa = PBXBuildFile; fileRef = 54862F922239E0C200766B03 /* TestNetworkScene.cpp */; };
		54862FC02239E0C300766B03 /* Toast.cpp in Sources */ = {isa = PBXBuildFile; fileRef = 54862F962239E0C300766B03 /* Toast.cpp */; };
		54862FE12239E0DE00766B03 /* backtotopnormal.png in Resources */ = {isa = PBXBuildFile; fileRef = 54862FC12239E0D800766B03 /* backtotopnormal.png */; };
		54862FE22239E0DE00766B03 /* dolphin in Resources */ = {isa = PBXBuildFile; fileRef = 54862FC22239E0D900766B03 /* dolphin */; };
		54862FE32239E0DE00766B03 /* CloseNormal.png in Resources */ = {isa = PBXBuildFile; fileRef = 54862FC32239E0D900766B03 /* CloseNormal.png */; };
		54862FE42239E0DE00766B03 /* backtotoppressed.png in Resources */ = {isa = PBXBuildFile; fileRef = 54862FC42239E0D900766B03 /* backtotoppressed.png */; };
		54862FE52239E0DE00766B03 /* ps_luyin3.png in Resources */ = {isa = PBXBuildFile; fileRef = 54862FC52239E0D900766B03 /* ps_luyin3.png */; };
		54862FE62239E0DE00766B03 /* ps_tinglibj.png in Resources */ = {isa = PBXBuildFile; fileRef = 54862FC62239E0D900766B03 /* ps_tinglibj.png */; };
		54862FE72239E0DE00766B03 /* animationbuttonnormal.png in Resources */ = {isa = PBXBuildFile; fileRef = 54862FC72239E0D900766B03 /* animationbuttonnormal.png */; };
		54862FE82239E0DE00766B03 /* testsize.png in Resources */ = {isa = PBXBuildFile; fileRef = 54862FC82239E0DA00766B03 /* testsize.png */; };
		54862FE92239E0DE00766B03 /* HelloWorld.png in Resources */ = {isa = PBXBuildFile; fileRef = 54862FC92239E0DA00766B03 /* HelloWorld.png */; };
		54862FEA2239E0DE00766B03 /* word.pvr.ccz in Resources */ = {isa = PBXBuildFile; fileRef = 54862FCA2239E0DA00766B03 /* word.pvr.ccz */; };
		54862FEB2239E0DE00766B03 /* ps_danci_k1.png in Resources */ = {isa = PBXBuildFile; fileRef = 54862FCB2239E0DA00766B03 /* ps_danci_k1.png */; };
		54862FEC2239E0DE00766B03 /* testbg.png in Resources */ = {isa = PBXBuildFile; fileRef = 54862FCC2239E0DA00766B03 /* testbg.png */; };
		54862FED2239E0DE00766B03 /* ps_jsu_anniu7.png in Resources */ = {isa = PBXBuildFile; fileRef = 54862FCD2239E0DA00766B03 /* ps_jsu_anniu7.png */; };
		54862FEE2239E0DE00766B03 /* ps_tingli_jindu2.png in Resources */ = {isa = PBXBuildFile; fileRef = 54862FCE2239E0DA00766B03 /* ps_tingli_jindu2.png */; };
		54862FEF2239E0DE00766B03 /* button.png in Resources */ = {isa = PBXBuildFile; fileRef = 54862FCF2239E0DA00766B03 /* button.png */; };
		54862FF02239E0DE00766B03 /* audio in Resources */ = {isa = PBXBuildFile; fileRef = 54862FD02239E0DB00766B03 /* audio */; };
		54862FF12239E0DE00766B03 /* ccicon.png in Resources */ = {isa = PBXBuildFile; fileRef = 54862FD12239E0DB00766B03 /* ccicon.png */; };
		54862FF22239E0DE00766B03 /* FZLTXIHK_1.TTF in Resources */ = {isa = PBXBuildFile; fileRef = 54862FD22239E0DB00766B03 /* FZLTXIHK_1.TTF */; };
		54862FF32239E0DE00766B03 /* CloseSelected.png in Resources */ = {isa = PBXBuildFile; fileRef = 54862FD32239E0DB00766B03 /* CloseSelected.png */; };
		54862FF42239E0DE00766B03 /* snow.png in Resources */ = {isa = PBXBuildFile; fileRef = 54862FD42239E0DB00766B03 /* snow.png */; };
		54862FF52239E0DE00766B03 /* ps_juxingbj.png in Resources */ = {isa = PBXBuildFile; fileRef = 54862FD52239E0DB00766B03 /* ps_juxingbj.png */; };
		54862FF62239E0DE00766B03 /* fonts in Resources */ = {isa = PBXBuildFile; fileRef = 54862FD62239E0DC00766B03 /* fonts */; };
		54862FF72239E0DE00766B03 /* animation in Resources */ = {isa = PBXBuildFile; fileRef = 54862FD72239E0DC00766B03 /* animation */; };
		54862FF82239E0DE00766B03 /* res in Resources */ = {isa = PBXBuildFile; fileRef = 54862FD82239E0DC00766B03 /* res */; };
		54862FF92239E0DE00766B03 /* word.plist in Resources */ = {isa = PBXBuildFile; fileRef = 54862FD92239E0DC00766B03 /* word.plist */; };
		54862FFA2239E0DE00766B03 /* video in Resources */ = {isa = PBXBuildFile; fileRef = 54862FDA2239E0DC00766B03 /* video */; };
		54862FFB2239E0DE00766B03 /* ps_xz_ditu.png in Resources */ = {isa = PBXBuildFile; fileRef = 54862FDB2239E0DC00766B03 /* ps_xz_ditu.png */; };
		54862FFC2239E0DE00766B03 /* ps_game10_bj.png in Resources */ = {isa = PBXBuildFile; fileRef = 54862FDC2239E0DC00766B03 /* ps_game10_bj.png */; };
		54862FFD2239E0DE00766B03 /* animationbuttonpressed.png in Resources */ = {isa = PBXBuildFile; fileRef = 54862FDD2239E0DD00766B03 /* animationbuttonpressed.png */; };
		54862FFE2239E0DE00766B03 /* person.txt in Resources */ = {isa = PBXBuildFile; fileRef = 54862FDE2239E0DD00766B03 /* person.txt */; };
		54862FFF2239E0DE00766B03 /* buttonHighlighted.png in Resources */ = {isa = PBXBuildFile; fileRef = 54862FDF2239E0DE00766B03 /* buttonHighlighted.png */; };
		548630002239E0DE00766B03 /* grossini_dance_08.png in Resources */ = {isa = PBXBuildFile; fileRef = 54862FE02239E0DE00766B03 /* grossini_dance_08.png */; };
		548630042239F44500766B03 /* MyViewController.mm in Sources */ = {isa = PBXBuildFile; fileRef = 548630022239F44400766B03 /* MyViewController.mm */; };
		8262943E1AAF051F00CB7CF7 /* Security.framework in Frameworks */ = {isa = PBXBuildFile; fileRef = 8262943D1AAF051F00CB7CF7 /* Security.framework */; };
		BF171245129291EC00B8313A /* OpenGLES.framework in Frameworks */ = {isa = PBXBuildFile; fileRef = BF170DB012928DE900B8313A /* OpenGLES.framework */; };
		BF1712471292920000B8313A /* libz.dylib in Frameworks */ = {isa = PBXBuildFile; fileRef = BF170DB412928DE900B8313A /* libz.dylib */; };
		BF1C47F01293687400B63C5D /* QuartzCore.framework in Frameworks */ = {isa = PBXBuildFile; fileRef = BF1C47EA1293683800B63C5D /* QuartzCore.framework */; };
		D44C620C132DFF330009C878 /* OpenAL.framework in Frameworks */ = {isa = PBXBuildFile; fileRef = D44C620B132DFF330009C878 /* OpenAL.framework */; };
		D44C620E132DFF430009C878 /* AVFoundation.framework in Frameworks */ = {isa = PBXBuildFile; fileRef = D44C620D132DFF430009C878 /* AVFoundation.framework */; };
		D44C6210132DFF4E0009C878 /* AudioToolbox.framework in Frameworks */ = {isa = PBXBuildFile; fileRef = D44C620F132DFF4E0009C878 /* AudioToolbox.framework */; };
		D6B0611B1803AB670077942B /* CoreMotion.framework in Frameworks */ = {isa = PBXBuildFile; fileRef = D6B0611A1803AB670077942B /* CoreMotion.framework */; };
		ED545A7C1B68A1F400C3958E /* libiconv.dylib in Frameworks */ = {isa = PBXBuildFile; fileRef = ED545A7B1B68A1F400C3958E /* libiconv.dylib */; };
		ED545A7E1B68A1FA00C3958E /* libiconv.dylib in Frameworks */ = {isa = PBXBuildFile; fileRef = ED545A7D1B68A1FA00C3958E /* libiconv.dylib */; };
/* End PBXBuildFile section */

/* Begin PBXContainerItemProxy section */
		1A7533E21F6F75F6007E8E6F /* PBXContainerItemProxy */ = {
			isa = PBXContainerItemProxy;
			containerPortal = 1AC6FAE5180E9839004C840B /* cocos2d_libs.xcodeproj */;
			proxyType = 2;
			remoteGlobalIDString = 507B40FD1C31BDD30067B53E;
			remoteInfo = "libcocos2d tvOS";
		};
		1AC6FAF8180E9839004C840B /* PBXContainerItemProxy */ = {
			isa = PBXContainerItemProxy;
			containerPortal = 1AC6FAE5180E9839004C840B /* cocos2d_libs.xcodeproj */;
			proxyType = 2;
			remoteGlobalIDString = 1551A33F158F2AB200E66CFE;
			remoteInfo = "cocos2dx Mac";
		};
		1AC6FB06180E9839004C840B /* PBXContainerItemProxy */ = {
			isa = PBXContainerItemProxy;
			containerPortal = 1AC6FAE5180E9839004C840B /* cocos2d_libs.xcodeproj */;
			proxyType = 2;
			remoteGlobalIDString = A07A4D641783777C0073F6A7;
			remoteInfo = "cocos2dx iOS";
		};
		1AC6FB15180E9959004C840B /* PBXContainerItemProxy */ = {
			isa = PBXContainerItemProxy;
			containerPortal = 1AC6FAE5180E9839004C840B /* cocos2d_libs.xcodeproj */;
			proxyType = 1;
			remoteGlobalIDString = 1551A33E158F2AB200E66CFE;
			remoteInfo = "cocos2dx Mac";
		};
		1AC6FB24180E99E1004C840B /* PBXContainerItemProxy */ = {
			isa = PBXContainerItemProxy;
			containerPortal = 1AC6FAE5180E9839004C840B /* cocos2d_libs.xcodeproj */;
			proxyType = 1;
			remoteGlobalIDString = A07A4C241783777C0073F6A7;
			remoteInfo = "cocos2dx iOS";
		};
/* End PBXContainerItemProxy section */

/* Begin PBXFileReference section */
		1A88B2631FC3D9C9005C14AE /* Images.xcassets */ = {isa = PBXFileReference; lastKnownFileType = folder.assetcatalog; path = Images.xcassets; sourceTree = "<group>"; };
		1AC6FAE5180E9839004C840B /* cocos2d_libs.xcodeproj */ = {isa = PBXFileReference; lastKnownFileType = "wrapper.pb-project"; name = cocos2d_libs.xcodeproj; path = ../cocos2d/build/cocos2d_libs.xcodeproj; sourceTree = "<group>"; };
		1ACB3243164770DE00914215 /* libcurl.a */ = {isa = PBXFileReference; lastKnownFileType = archive.ar; name = libcurl.a; path = ../../cocos2dx/platform/third_party/ios/libraries/libcurl.a; sourceTree = "<group>"; };
		1AF87B471F6F77D6007BE51C /* AppController.h */ = {isa = PBXFileReference; lastKnownFileType = sourcecode.c.h; path = AppController.h; sourceTree = "<group>"; };
		1AF87B481F6F77D6007BE51C /* AppController.mm */ = {isa = PBXFileReference; lastKnownFileType = sourcecode.cpp.objcpp; path = AppController.mm; sourceTree = "<group>"; };
		1AF87B581F6F77D6007BE51C /* Info.plist */ = {isa = PBXFileReference; lastKnownFileType = text.plist.xml; path = Info.plist; sourceTree = "<group>"; };
		1AF87B591F6F77D6007BE51C /* LaunchScreen.storyboard */ = {isa = PBXFileReference; lastKnownFileType = file.storyboard; path = LaunchScreen.storyboard; sourceTree = "<group>"; };
		1AF87B5A1F6F77D6007BE51C /* LaunchScreenBackground.png */ = {isa = PBXFileReference; lastKnownFileType = image.png; path = LaunchScreenBackground.png; sourceTree = "<group>"; };
		1AF87B5B1F6F77D6007BE51C /* main.m */ = {isa = PBXFileReference; lastKnownFileType = sourcecode.c.objc; path = main.m; sourceTree = "<group>"; };
		1AF87B5C1F6F77D6007BE51C /* Prefix.pch */ = {isa = PBXFileReference; lastKnownFileType = sourcecode.c.h; path = Prefix.pch; sourceTree = "<group>"; };
		1AF87B5D1F6F77D6007BE51C /* RootViewController.h */ = {isa = PBXFileReference; lastKnownFileType = sourcecode.c.h; path = RootViewController.h; sourceTree = "<group>"; };
		1AF87B5E1F6F77D6007BE51C /* RootViewController.mm */ = {isa = PBXFileReference; lastKnownFileType = sourcecode.cpp.objcpp; path = RootViewController.mm; sourceTree = "<group>"; };
		1D30AB110D05D00D00671497 /* Foundation.framework */ = {isa = PBXFileReference; lastKnownFileType = wrapper.framework; name = Foundation.framework; path = System/Library/Frameworks/Foundation.framework; sourceTree = SDKROOT; };
		1D6058910D05DD3D006BFB54 /* Cocos2dxLearning-mobile.app */ = {isa = PBXFileReference; explicitFileType = wrapper.application; includeInIndex = 0; path = "Cocos2dxLearning-mobile.app"; sourceTree = BUILT_PRODUCTS_DIR; };
		1DF5F4DF0D08C38300B7A737 /* UIKit.framework */ = {isa = PBXFileReference; lastKnownFileType = wrapper.framework; name = UIKit.framework; path = System/Library/Frameworks/UIKit.framework; sourceTree = SDKROOT; };
		288765A40DF7441C002DB57D /* CoreGraphics.framework */ = {isa = PBXFileReference; lastKnownFileType = wrapper.framework; name = CoreGraphics.framework; path = System/Library/Frameworks/CoreGraphics.framework; sourceTree = SDKROOT; };
		294D0D631D0D56D500F7F5D4 /* CoreText.framework */ = {isa = PBXFileReference; lastKnownFileType = wrapper.framework; name = CoreText.framework; path = Platforms/iPhoneOS.platform/Developer/SDKs/iPhoneOS.sdk/System/Library/Frameworks/CoreText.framework; sourceTree = DEVELOPER_DIR; };
		503AE0F617EB97AB00D1A890 /* Icon.icns */ = {isa = PBXFileReference; lastKnownFileType = image.icns; path = Icon.icns; sourceTree = "<group>"; };
		503AE0F717EB97AB00D1A890 /* Info.plist */ = {isa = PBXFileReference; fileEncoding = 4; lastKnownFileType = text.plist.xml; path = Info.plist; sourceTree = "<group>"; };
		503AE10317EB98FF00D1A890 /* main.cpp */ = {isa = PBXFileReference; fileEncoding = 4; lastKnownFileType = sourcecode.cpp.cpp; name = main.cpp; path = mac/main.cpp; sourceTree = "<group>"; };
		503AE10417EB98FF00D1A890 /* Prefix.pch */ = {isa = PBXFileReference; fileEncoding = 4; lastKnownFileType = sourcecode.c.h; name = Prefix.pch; path = mac/Prefix.pch; sourceTree = "<group>"; };
		503AE11117EB99EE00D1A890 /* libcurl.dylib */ = {isa = PBXFileReference; lastKnownFileType = "compiled.mach-o.dylib"; name = libcurl.dylib; path = usr/lib/libcurl.dylib; sourceTree = SDKROOT; };
		503AE11A17EB9C5A00D1A890 /* IOKit.framework */ = {isa = PBXFileReference; lastKnownFileType = wrapper.framework; name = IOKit.framework; path = System/Library/Frameworks/IOKit.framework; sourceTree = SDKROOT; };
		5087E76F17EB910900C73F5D /* Cocos2dxLearning-desktop.app */ = {isa = PBXFileReference; explicitFileType = wrapper.application; includeInIndex = 0; path = "Cocos2dxLearning-desktop.app"; sourceTree = BUILT_PRODUCTS_DIR; };
		5087E78817EB974C00C73F5D /* AppKit.framework */ = {isa = PBXFileReference; lastKnownFileType = wrapper.framework; name = AppKit.framework; path = System/Library/Frameworks/AppKit.framework; sourceTree = SDKROOT; };
		5087E78A17EB975400C73F5D /* OpenGL.framework */ = {isa = PBXFileReference; lastKnownFileType = wrapper.framework; name = OpenGL.framework; path = System/Library/Frameworks/OpenGL.framework; sourceTree = SDKROOT; };
		52B47A461A53D09B004E4C60 /* Security.framework */ = {isa = PBXFileReference; lastKnownFileType = wrapper.framework; name = Security.framework; path = Platforms/iPhoneOS.platform/Developer/SDKs/iPhoneOS.sdk/System/Library/Frameworks/Security.framework; sourceTree = DEVELOPER_DIR; };
		543A773A210DB6DF00CD4BC6 /* MediaPlayer.framework */ = {isa = PBXFileReference; lastKnownFileType = wrapper.framework; name = MediaPlayer.framework; path = Platforms/iPhoneOS.platform/Developer/SDKs/iPhoneOS11.4.sdk/System/Library/Frameworks/MediaPlayer.framework; sourceTree = DEVELOPER_DIR; };
		54862F282239E0BE00766B03 /* ScrollViewScene.h */ = {isa = PBXFileReference; fileEncoding = 4; lastKnownFileType = sourcecode.c.h; path = ScrollViewScene.h; sourceTree = "<group>"; };
		54862F292239E0BE00766B03 /* ScrollViewScene.cpp */ = {isa = PBXFileReference; fileEncoding = 4; lastKnownFileType = sourcecode.cpp.cpp; path = ScrollViewScene.cpp; sourceTree = "<group>"; };
		54862F2B2239E0BE00766B03 /* TableViewScene.cpp */ = {isa = PBXFileReference; fileEncoding = 4; lastKnownFileType = sourcecode.cpp.cpp; path = TableViewScene.cpp; sourceTree = "<group>"; };
		54862F2C2239E0BE00766B03 /* CustomViewCell.h */ = {isa = PBXFileReference; fileEncoding = 4; lastKnownFileType = sourcecode.c.h; path = CustomViewCell.h; sourceTree = "<group>"; };
		54862F2D2239E0BE00766B03 /* TableViewScene.h */ = {isa = PBXFileReference; fileEncoding = 4; lastKnownFileType = sourcecode.c.h; path = TableViewScene.h; sourceTree = "<group>"; };
		54862F2E2239E0BE00766B03 /* CustomViewCell.cpp */ = {isa = PBXFileReference; fileEncoding = 4; lastKnownFileType = sourcecode.cpp.cpp; path = CustomViewCell.cpp; sourceTree = "<group>"; };
		54862F302239E0BE00766B03 /* ImageViewScene.h */ = {isa = PBXFileReference; fileEncoding = 4; lastKnownFileType = sourcecode.c.h; path = ImageViewScene.h; sourceTree = "<group>"; };
		54862F312239E0BE00766B03 /* ImageViewScene.cpp */ = {isa = PBXFileReference; fileEncoding = 4; lastKnownFileType = sourcecode.cpp.cpp; path = ImageViewScene.cpp; sourceTree = "<group>"; };
		54862F332239E0BE00766B03 /* LayoutScene.h */ = {isa = PBXFileReference; fileEncoding = 4; lastKnownFileType = sourcecode.c.h; path = LayoutScene.h; sourceTree = "<group>"; };
		54862F342239E0BE00766B03 /* LayoutScene.cpp */ = {isa = PBXFileReference; fileEncoding = 4; lastKnownFileType = sourcecode.cpp.cpp; path = LayoutScene.cpp; sourceTree = "<group>"; };
		54862F362239E0BE00766B03 /* VideoPlayerScene.h */ = {isa = PBXFileReference; fileEncoding = 4; lastKnownFileType = sourcecode.c.h; path = VideoPlayerScene.h; sourceTree = "<group>"; };
		54862F372239E0BE00766B03 /* VideoPlayerScene.cpp */ = {isa = PBXFileReference; fileEncoding = 4; lastKnownFileType = sourcecode.cpp.cpp; path = VideoPlayerScene.cpp; sourceTree = "<group>"; };
		54862F392239E0BE00766B03 /* ListViewScene.h */ = {isa = PBXFileReference; fileEncoding = 4; lastKnownFileType = sourcecode.c.h; path = ListViewScene.h; sourceTree = "<group>"; };
		54862F3A2239E0BE00766B03 /* ListViewScene.cpp */ = {isa = PBXFileReference; fileEncoding = 4; lastKnownFileType = sourcecode.cpp.cpp; path = ListViewScene.cpp; sourceTree = "<group>"; };
		54862F3C2239E0BE00766B03 /* ButtonScene.cpp */ = {isa = PBXFileReference; fileEncoding = 4; lastKnownFileType = sourcecode.cpp.cpp; path = ButtonScene.cpp; sourceTree = "<group>"; };
		54862F3D2239E0BE00766B03 /* ButtonScene.h */ = {isa = PBXFileReference; fileEncoding = 4; lastKnownFileType = sourcecode.c.h; path = ButtonScene.h; sourceTree = "<group>"; };
		54862F3F2239E0BE00766B03 /* TabControlScene.h */ = {isa = PBXFileReference; fileEncoding = 4; lastKnownFileType = sourcecode.c.h; path = TabControlScene.h; sourceTree = "<group>"; };
		54862F402239E0BE00766B03 /* TabControlScene.cpp */ = {isa = PBXFileReference; fileEncoding = 4; lastKnownFileType = sourcecode.cpp.cpp; path = TabControlScene.cpp; sourceTree = "<group>"; };
		54862F422239E0BE00766B03 /* TextScene.h */ = {isa = PBXFileReference; fileEncoding = 4; lastKnownFileType = sourcecode.c.h; path = TextScene.h; sourceTree = "<group>"; };
		54862F432239E0BF00766B03 /* TextScene.cpp */ = {isa = PBXFileReference; fileEncoding = 4; lastKnownFileType = sourcecode.cpp.cpp; path = TextScene.cpp; sourceTree = "<group>"; };
		54862F452239E0BF00766B03 /* DrawNodeScene.h */ = {isa = PBXFileReference; fileEncoding = 4; lastKnownFileType = sourcecode.c.h; path = DrawNodeScene.h; sourceTree = "<group>"; };
		54862F462239E0BF00766B03 /* DrawNodeScene.cpp */ = {isa = PBXFileReference; fileEncoding = 4; lastKnownFileType = sourcecode.cpp.cpp; path = DrawNodeScene.cpp; sourceTree = "<group>"; };
		54862F482239E0BF00766B03 /* UserDefaultScene.h */ = {isa = PBXFileReference; fileEncoding = 4; lastKnownFileType = sourcecode.c.h; path = UserDefaultScene.h; sourceTree = "<group>"; };
		54862F492239E0BF00766B03 /* UserDefaultScene.cpp */ = {isa = PBXFileReference; fileEncoding = 4; lastKnownFileType = sourcecode.cpp.cpp; path = UserDefaultScene.cpp; sourceTree = "<group>"; };
		54862F4A2239E0BF00766B03 /* ABaseScene.cpp */ = {isa = PBXFileReference; fileEncoding = 4; lastKnownFileType = sourcecode.cpp.cpp; path = ABaseScene.cpp; sourceTree = "<group>"; };
		54862F4C2239E0BF00766B03 /* StringUtilsScene.cpp */ = {isa = PBXFileReference; fileEncoding = 4; lastKnownFileType = sourcecode.cpp.cpp; path = StringUtilsScene.cpp; sourceTree = "<group>"; };
		54862F4D2239E0BF00766B03 /* StringUtilsScene.h */ = {isa = PBXFileReference; fileEncoding = 4; lastKnownFileType = sourcecode.c.h; path = StringUtilsScene.h; sourceTree = "<group>"; };
		54862F4F2239E0BF00766B03 /* TableViewTestScene.cpp */ = {isa = PBXFileReference; fileEncoding = 4; lastKnownFileType = sourcecode.cpp.cpp; path = TableViewTestScene.cpp; sourceTree = "<group>"; };
		54862F502239E0BF00766B03 /* TableItemView.h */ = {isa = PBXFileReference; fileEncoding = 4; lastKnownFileType = sourcecode.c.h; path = TableItemView.h; sourceTree = "<group>"; };
		54862F512239E0BF00766B03 /* TableItemView.cpp */ = {isa = PBXFileReference; fileEncoding = 4; lastKnownFileType = sourcecode.cpp.cpp; path = TableItemView.cpp; sourceTree = "<group>"; };
		54862F522239E0BF00766B03 /* TableViewTestScene.h */ = {isa = PBXFileReference; fileEncoding = 4; lastKnownFileType = sourcecode.c.h; path = TableViewTestScene.h; sourceTree = "<group>"; };
		54862F542239E0BF00766B03 /* AudioEngineScene.h */ = {isa = PBXFileReference; fileEncoding = 4; lastKnownFileType = sourcecode.c.h; path = AudioEngineScene.h; sourceTree = "<group>"; };
		54862F552239E0BF00766B03 /* AudioEngineScene.cpp */ = {isa = PBXFileReference; fileEncoding = 4; lastKnownFileType = sourcecode.cpp.cpp; path = AudioEngineScene.cpp; sourceTree = "<group>"; };
		54862F562239E0BF00766B03 /* JniScene.h */ = {isa = PBXFileReference; fileEncoding = 4; lastKnownFileType = sourcecode.c.h; path = JniScene.h; sourceTree = "<group>"; };
		54862F572239E0BF00766B03 /* BaseScene.h */ = {isa = PBXFileReference; fileEncoding = 4; lastKnownFileType = sourcecode.c.h; path = BaseScene.h; sourceTree = "<group>"; };
		54862F582239E0BF00766B03 /* BaseScene.cpp */ = {isa = PBXFileReference; fileEncoding = 4; lastKnownFileType = sourcecode.cpp.cpp; path = BaseScene.cpp; sourceTree = "<group>"; };
		54862F592239E0BF00766B03 /* JniScene.cpp */ = {isa = PBXFileReference; fileEncoding = 4; lastKnownFileType = sourcecode.cpp.cpp; path = JniScene.cpp; sourceTree = "<group>"; };
		54862F5D2239E0BF00766B03 /* TransitionTestScene.h */ = {isa = PBXFileReference; fileEncoding = 4; lastKnownFileType = sourcecode.c.h; path = TransitionTestScene.h; sourceTree = "<group>"; };
		54862F5E2239E0BF00766B03 /* TransitionTestScene.cpp */ = {isa = PBXFileReference; fileEncoding = 4; lastKnownFileType = sourcecode.cpp.cpp; path = TransitionTestScene.cpp; sourceTree = "<group>"; };
		54862F5F2239E0BF00766B03 /* ABaseScene.h */ = {isa = PBXFileReference; fileEncoding = 4; lastKnownFileType = sourcecode.c.h; path = ABaseScene.h; sourceTree = "<group>"; };
		54862F602239E0BF00766B03 /* MainScene.h */ = {isa = PBXFileReference; fileEncoding = 4; lastKnownFileType = sourcecode.c.h; path = MainScene.h; sourceTree = "<group>"; };
		54862F612239E0BF00766B03 /* AppDelegate.h */ = {isa = PBXFileReference; fileEncoding = 4; lastKnownFileType = sourcecode.c.h; path = AppDelegate.h; sourceTree = "<group>"; };
		54862F642239E0BF00766B03 /* EraserScene.h */ = {isa = PBXFileReference; fileEncoding = 4; lastKnownFileType = sourcecode.c.h; path = EraserScene.h; sourceTree = "<group>"; };
		54862F652239E0BF00766B03 /* EraserScene.cpp */ = {isa = PBXFileReference; fileEncoding = 4; lastKnownFileType = sourcecode.cpp.cpp; path = EraserScene.cpp; sourceTree = "<group>"; };
		54862F672239E0BF00766B03 /* CallIOS.mm */ = {isa = PBXFileReference; fileEncoding = 4; lastKnownFileType = sourcecode.cpp.objcpp; path = CallIOS.mm; sourceTree = "<group>"; };
		54862F682239E0BF00766B03 /* CallNativeInterface.h */ = {isa = PBXFileReference; fileEncoding = 4; lastKnownFileType = sourcecode.c.h; path = CallNativeInterface.h; sourceTree = "<group>"; };
		54862F692239E0BF00766B03 /* CallAndroid.cpp */ = {isa = PBXFileReference; fileEncoding = 4; lastKnownFileType = sourcecode.cpp.cpp; path = CallAndroid.cpp; sourceTree = "<group>"; };
		54862F6A2239E0BF00766B03 /* CallIOS.h */ = {isa = PBXFileReference; fileEncoding = 4; lastKnownFileType = sourcecode.c.h; path = CallIOS.h; sourceTree = "<group>"; };
		54862F6C2239E0BF00766B03 /* TestLayerScene.cpp */ = {isa = PBXFileReference; fileEncoding = 4; lastKnownFileType = sourcecode.cpp.cpp; path = TestLayerScene.cpp; sourceTree = "<group>"; };
		54862F6D2239E0BF00766B03 /* TestLayerScene.h */ = {isa = PBXFileReference; fileEncoding = 4; lastKnownFileType = sourcecode.c.h; path = TestLayerScene.h; sourceTree = "<group>"; };
		54862F702239E0C000766B03 /* sqlite3.c */ = {isa = PBXFileReference; fileEncoding = 4; lastKnownFileType = sourcecode.c.c; path = sqlite3.c; sourceTree = "<group>"; };
		54862F712239E0C000766B03 /* DatabaseModule.cpp */ = {isa = PBXFileReference; fileEncoding = 4; lastKnownFileType = sourcecode.cpp.cpp; path = DatabaseModule.cpp; sourceTree = "<group>"; };
		54862F722239E0C000766B03 /* sqlite3.h */ = {isa = PBXFileReference; fileEncoding = 4; lastKnownFileType = sourcecode.c.h; path = sqlite3.h; sourceTree = "<group>"; };
		54862F732239E0C000766B03 /* DatabaseModule.h */ = {isa = PBXFileReference; fileEncoding = 4; lastKnownFileType = sourcecode.c.h; path = DatabaseModule.h; sourceTree = "<group>"; };
		54862F742239E0C000766B03 /* AppDelegate.cpp */ = {isa = PBXFileReference; fileEncoding = 4; lastKnownFileType = sourcecode.cpp.cpp; path = AppDelegate.cpp; sourceTree = "<group>"; };
		54862F752239E0C000766B03 /* AutoSizeLayout.cpp */ = {isa = PBXFileReference; fileEncoding = 4; lastKnownFileType = sourcecode.cpp.cpp; path = AutoSizeLayout.cpp; sourceTree = "<group>"; };
		54862F762239E0C000766B03 /* md5.h */ = {isa = PBXFileReference; fileEncoding = 4; lastKnownFileType = sourcecode.c.h; path = md5.h; sourceTree = "<group>"; };
		54862F792239E0C100766B03 /* DownloadModule.h */ = {isa = PBXFileReference; fileEncoding = 4; lastKnownFileType = sourcecode.c.h; path = DownloadModule.h; sourceTree = "<group>"; };
		54862F7A2239E0C100766B03 /* DownloadModule.cpp */ = {isa = PBXFileReference; fileEncoding = 4; lastKnownFileType = sourcecode.cpp.cpp; path = DownloadModule.cpp; sourceTree = "<group>"; };
		54862F7B2239E0C100766B03 /* MainScene.cpp */ = {isa = PBXFileReference; fileEncoding = 4; lastKnownFileType = sourcecode.cpp.cpp; path = MainScene.cpp; sourceTree = "<group>"; };
		54862F7C2239E0C100766B03 /* Person.cpp */ = {isa = PBXFileReference; fileEncoding = 4; lastKnownFileType = sourcecode.cpp.cpp; path = Person.cpp; sourceTree = "<group>"; };
		54862F7E2239E0C100766B03 /* BasePresenter.h */ = {isa = PBXFileReference; fileEncoding = 4; lastKnownFileType = sourcecode.c.h; path = BasePresenter.h; sourceTree = "<group>"; };
		54862F7F2239E0C100766B03 /* BaseView.h */ = {isa = PBXFileReference; fileEncoding = 4; lastKnownFileType = sourcecode.c.h; path = BaseView.h; sourceTree = "<group>"; };
		54862F802239E0C100766B03 /* BasePresenter.cpp */ = {isa = PBXFileReference; fileEncoding = 4; lastKnownFileType = sourcecode.cpp.cpp; path = BasePresenter.cpp; sourceTree = "<group>"; };
		54862F812239E0C100766B03 /* BaseView.cpp */ = {isa = PBXFileReference; fileEncoding = 4; lastKnownFileType = sourcecode.cpp.cpp; path = BaseView.cpp; sourceTree = "<group>"; };
		54862F832239E0C100766B03 /* StringChangeScene.h */ = {isa = PBXFileReference; fileEncoding = 4; lastKnownFileType = sourcecode.c.h; path = StringChangeScene.h; sourceTree = "<group>"; };
		54862F842239E0C100766B03 /* StringChangeScene.cpp */ = {isa = PBXFileReference; fileEncoding = 4; lastKnownFileType = sourcecode.cpp.cpp; path = StringChangeScene.cpp; sourceTree = "<group>"; };
		54862F852239E0C100766B03 /* json.hpp */ = {isa = PBXFileReference; fileEncoding = 4; lastKnownFileType = sourcecode.cpp.h; path = json.hpp; sourceTree = "<group>"; };
		54862F862239E0C200766B03 /* Person.h */ = {isa = PBXFileReference; fileEncoding = 4; lastKnownFileType = sourcecode.c.h; path = Person.h; sourceTree = "<group>"; };
		54862F882239E0C200766B03 /* LoginView.h */ = {isa = PBXFileReference; fileEncoding = 4; lastKnownFileType = sourcecode.c.h; path = LoginView.h; sourceTree = "<group>"; };
		54862F892239E0C200766B03 /* LoginContract.cpp */ = {isa = PBXFileReference; fileEncoding = 4; lastKnownFileType = sourcecode.cpp.cpp; path = LoginContract.cpp; sourceTree = "<group>"; };
		54862F8A2239E0C200766B03 /* LoginPresenter.cpp */ = {isa = PBXFileReference; fileEncoding = 4; lastKnownFileType = sourcecode.cpp.cpp; path = LoginPresenter.cpp; sourceTree = "<group>"; };
		54862F8B2239E0C200766B03 /* LoginContract.h */ = {isa = PBXFileReference; fileEncoding = 4; lastKnownFileType = sourcecode.c.h; path = LoginContract.h; sourceTree = "<group>"; };
		54862F8C2239E0C200766B03 /* LoginView.cpp */ = {isa = PBXFileReference; fileEncoding = 4; lastKnownFileType = sourcecode.cpp.cpp; path = LoginView.cpp; sourceTree = "<group>"; };
		54862F8D2239E0C200766B03 /* LoginPresenter.h */ = {isa = PBXFileReference; fileEncoding = 4; lastKnownFileType = sourcecode.c.h; path = LoginPresenter.h; sourceTree = "<group>"; };
		54862F8E2239E0C200766B03 /* AutoSizeLayout.h */ = {isa = PBXFileReference; fileEncoding = 4; lastKnownFileType = sourcecode.c.h; path = AutoSizeLayout.h; sourceTree = "<group>"; };
		54862F8F2239E0C200766B03 /* md5.cpp */ = {isa = PBXFileReference; fileEncoding = 4; lastKnownFileType = sourcecode.cpp.cpp; path = md5.cpp; sourceTree = "<group>"; };
		54862F912239E0C200766B03 /* GoHttp.cpp */ = {isa = PBXFileReference; fileEncoding = 4; lastKnownFileType = sourcecode.cpp.cpp; path = GoHttp.cpp; sourceTree = "<group>"; };
		54862F922239E0C200766B03 /* TestNetworkScene.cpp */ = {isa = PBXFileReference; fileEncoding = 4; lastKnownFileType = sourcecode.cpp.cpp; path = TestNetworkScene.cpp; sourceTree = "<group>"; };
		54862F932239E0C200766B03 /* GoHttp.h */ = {isa = PBXFileReference; fileEncoding = 4; lastKnownFileType = sourcecode.c.h; path = GoHttp.h; sourceTree = "<group>"; };
		54862F942239E0C200766B03 /* TestNetworkScene.h */ = {isa = PBXFileReference; fileEncoding = 4; lastKnownFileType = sourcecode.c.h; path = TestNetworkScene.h; sourceTree = "<group>"; };
		54862F962239E0C300766B03 /* Toast.cpp */ = {isa = PBXFileReference; fileEncoding = 4; lastKnownFileType = sourcecode.cpp.cpp; path = Toast.cpp; sourceTree = "<group>"; };
		54862F972239E0C300766B03 /* Toast.h */ = {isa = PBXFileReference; fileEncoding = 4; lastKnownFileType = sourcecode.c.h; path = Toast.h; sourceTree = "<group>"; };
		54862FC12239E0D800766B03 /* backtotopnormal.png */ = {isa = PBXFileReference; lastKnownFileType = image.png; path = backtotopnormal.png; sourceTree = "<group>"; };
		54862FC22239E0D900766B03 /* dolphin */ = {isa = PBXFileReference; lastKnownFileType = folder; path = dolphin; sourceTree = "<group>"; };
		54862FC32239E0D900766B03 /* CloseNormal.png */ = {isa = PBXFileReference; lastKnownFileType = image.png; path = CloseNormal.png; sourceTree = "<group>"; };
		54862FC42239E0D900766B03 /* backtotoppressed.png */ = {isa = PBXFileReference; lastKnownFileType = image.png; path = backtotoppressed.png; sourceTree = "<group>"; };
		54862FC52239E0D900766B03 /* ps_luyin3.png */ = {isa = PBXFileReference; lastKnownFileType = image.png; path = ps_luyin3.png; sourceTree = "<group>"; };
		54862FC62239E0D900766B03 /* ps_tinglibj.png */ = {isa = PBXFileReference; lastKnownFileType = image.png; path = ps_tinglibj.png; sourceTree = "<group>"; };
		54862FC72239E0D900766B03 /* animationbuttonnormal.png */ = {isa = PBXFileReference; lastKnownFileType = image.png; path = animationbuttonnormal.png; sourceTree = "<group>"; };
		54862FC82239E0DA00766B03 /* testsize.png */ = {isa = PBXFileReference; lastKnownFileType = image.png; path = testsize.png; sourceTree = "<group>"; };
		54862FC92239E0DA00766B03 /* HelloWorld.png */ = {isa = PBXFileReference; lastKnownFileType = image.png; path = HelloWorld.png; sourceTree = "<group>"; };
		54862FCA2239E0DA00766B03 /* word.pvr.ccz */ = {isa = PBXFileReference; lastKnownFileType = file; path = word.pvr.ccz; sourceTree = "<group>"; };
		54862FCB2239E0DA00766B03 /* ps_danci_k1.png */ = {isa = PBXFileReference; lastKnownFileType = image.png; path = ps_danci_k1.png; sourceTree = "<group>"; };
		54862FCC2239E0DA00766B03 /* testbg.png */ = {isa = PBXFileReference; lastKnownFileType = image.png; path = testbg.png; sourceTree = "<group>"; };
		54862FCD2239E0DA00766B03 /* ps_jsu_anniu7.png */ = {isa = PBXFileReference; lastKnownFileType = image.png; path = ps_jsu_anniu7.png; sourceTree = "<group>"; };
		54862FCE2239E0DA00766B03 /* ps_tingli_jindu2.png */ = {isa = PBXFileReference; lastKnownFileType = image.png; path = ps_tingli_jindu2.png; sourceTree = "<group>"; };
		54862FCF2239E0DA00766B03 /* button.png */ = {isa = PBXFileReference; lastKnownFileType = image.png; path = button.png; sourceTree = "<group>"; };
		54862FD02239E0DB00766B03 /* audio */ = {isa = PBXFileReference; lastKnownFileType = folder; path = audio; sourceTree = "<group>"; };
		54862FD12239E0DB00766B03 /* ccicon.png */ = {isa = PBXFileReference; lastKnownFileType = image.png; path = ccicon.png; sourceTree = "<group>"; };
		54862FD22239E0DB00766B03 /* FZLTXIHK_1.TTF */ = {isa = PBXFileReference; lastKnownFileType = file; path = FZLTXIHK_1.TTF; sourceTree = "<group>"; };
		54862FD32239E0DB00766B03 /* CloseSelected.png */ = {isa = PBXFileReference; lastKnownFileType = image.png; path = CloseSelected.png; sourceTree = "<group>"; };
		54862FD42239E0DB00766B03 /* snow.png */ = {isa = PBXFileReference; lastKnownFileType = image.png; path = snow.png; sourceTree = "<group>"; };
		54862FD52239E0DB00766B03 /* ps_juxingbj.png */ = {isa = PBXFileReference; lastKnownFileType = image.png; path = ps_juxingbj.png; sourceTree = "<group>"; };
		54862FD62239E0DC00766B03 /* fonts */ = {isa = PBXFileReference; lastKnownFileType = folder; path = fonts; sourceTree = "<group>"; };
		54862FD72239E0DC00766B03 /* animation */ = {isa = PBXFileReference; lastKnownFileType = folder; path = animation; sourceTree = "<group>"; };
		54862FD82239E0DC00766B03 /* res */ = {isa = PBXFileReference; lastKnownFileType = folder; path = res; sourceTree = "<group>"; };
		54862FD92239E0DC00766B03 /* word.plist */ = {isa = PBXFileReference; fileEncoding = 4; lastKnownFileType = text.plist.xml; path = word.plist; sourceTree = "<group>"; };
		54862FDA2239E0DC00766B03 /* video */ = {isa = PBXFileReference; lastKnownFileType = folder; path = video; sourceTree = "<group>"; };
		54862FDB2239E0DC00766B03 /* ps_xz_ditu.png */ = {isa = PBXFileReference; lastKnownFileType = image.png; path = ps_xz_ditu.png; sourceTree = "<group>"; };
		54862FDC2239E0DC00766B03 /* ps_game10_bj.png */ = {isa = PBXFileReference; lastKnownFileType = image.png; path = ps_game10_bj.png; sourceTree = "<group>"; };
		54862FDD2239E0DD00766B03 /* animationbuttonpressed.png */ = {isa = PBXFileReference; lastKnownFileType = image.png; path = animationbuttonpressed.png; sourceTree = "<group>"; };
		54862FDE2239E0DD00766B03 /* person.txt */ = {isa = PBXFileReference; fileEncoding = 4; lastKnownFileType = text; path = person.txt; sourceTree = "<group>"; };
		54862FDF2239E0DE00766B03 /* buttonHighlighted.png */ = {isa = PBXFileReference; lastKnownFileType = image.png; path = buttonHighlighted.png; sourceTree = "<group>"; };
		54862FE02239E0DE00766B03 /* grossini_dance_08.png */ = {isa = PBXFileReference; lastKnownFileType = image.png; path = grossini_dance_08.png; sourceTree = "<group>"; };
		548630022239F44400766B03 /* MyViewController.mm */ = {isa = PBXFileReference; fileEncoding = 4; lastKnownFileType = sourcecode.cpp.objcpp; path = MyViewController.mm; sourceTree = "<group>"; };
		548630032239F44500766B03 /* MyViewController.h */ = {isa = PBXFileReference; fileEncoding = 4; lastKnownFileType = sourcecode.c.h; path = MyViewController.h; sourceTree = "<group>"; };
		8262943D1AAF051F00CB7CF7 /* Security.framework */ = {isa = PBXFileReference; lastKnownFileType = wrapper.framework; name = Security.framework; path = System/Library/Frameworks/Security.framework; sourceTree = SDKROOT; };
		BF170DB012928DE900B8313A /* OpenGLES.framework */ = {isa = PBXFileReference; lastKnownFileType = wrapper.framework; name = OpenGLES.framework; path = System/Library/Frameworks/OpenGLES.framework; sourceTree = SDKROOT; };
		BF170DB412928DE900B8313A /* libz.dylib */ = {isa = PBXFileReference; lastKnownFileType = "compiled.mach-o.dylib"; name = libz.dylib; path = usr/lib/libz.dylib; sourceTree = SDKROOT; };
		BF1C47EA1293683800B63C5D /* QuartzCore.framework */ = {isa = PBXFileReference; lastKnownFileType = wrapper.framework; name = QuartzCore.framework; path = System/Library/Frameworks/QuartzCore.framework; sourceTree = SDKROOT; };
		D44C620B132DFF330009C878 /* OpenAL.framework */ = {isa = PBXFileReference; lastKnownFileType = wrapper.framework; name = OpenAL.framework; path = System/Library/Frameworks/OpenAL.framework; sourceTree = SDKROOT; };
		D44C620D132DFF430009C878 /* AVFoundation.framework */ = {isa = PBXFileReference; lastKnownFileType = wrapper.framework; name = AVFoundation.framework; path = System/Library/Frameworks/AVFoundation.framework; sourceTree = SDKROOT; };
		D44C620F132DFF4E0009C878 /* AudioToolbox.framework */ = {isa = PBXFileReference; lastKnownFileType = wrapper.framework; name = AudioToolbox.framework; path = System/Library/Frameworks/AudioToolbox.framework; sourceTree = SDKROOT; };
		D6B0611A1803AB670077942B /* CoreMotion.framework */ = {isa = PBXFileReference; lastKnownFileType = wrapper.framework; name = CoreMotion.framework; path = Platforms/iPhoneOS.platform/Developer/SDKs/iPhoneOS.sdk/System/Library/Frameworks/CoreMotion.framework; sourceTree = DEVELOPER_DIR; };
		ED545A7B1B68A1F400C3958E /* libiconv.dylib */ = {isa = PBXFileReference; lastKnownFileType = "compiled.mach-o.dylib"; name = libiconv.dylib; path = Platforms/iPhoneOS.platform/Developer/SDKs/iPhoneOS.sdk/usr/lib/libiconv.dylib; sourceTree = DEVELOPER_DIR; };
		ED545A7D1B68A1FA00C3958E /* libiconv.dylib */ = {isa = PBXFileReference; lastKnownFileType = "compiled.mach-o.dylib"; name = libiconv.dylib; path = usr/lib/libiconv.dylib; sourceTree = SDKROOT; };
/* End PBXFileReference section */

/* Begin PBXFrameworksBuildPhase section */
		1D60588F0D05DD3D006BFB54 /* Frameworks */ = {
			isa = PBXFrameworksBuildPhase;
			buildActionMask = 2147483647;
			files = (
				543A773B210DB6DF00CD4BC6 /* MediaPlayer.framework in Frameworks */,
				294D0D641D0D56D500F7F5D4 /* CoreText.framework in Frameworks */,
				ED545A7C1B68A1F400C3958E /* libiconv.dylib in Frameworks */,
				52B47A471A53D09C004E4C60 /* Security.framework in Frameworks */,
				1AC6FB30180E99EB004C840B /* libcocos2d iOS.a in Frameworks */,
				D6B0611B1803AB670077942B /* CoreMotion.framework in Frameworks */,
				1D60589F0D05DD5A006BFB54 /* Foundation.framework in Frameworks */,
				1DF5F4E00D08C38300B7A737 /* UIKit.framework in Frameworks */,
				288765A50DF7441C002DB57D /* CoreGraphics.framework in Frameworks */,
				BF171245129291EC00B8313A /* OpenGLES.framework in Frameworks */,
				BF1712471292920000B8313A /* libz.dylib in Frameworks */,
				BF1C47F01293687400B63C5D /* QuartzCore.framework in Frameworks */,
				D44C620C132DFF330009C878 /* OpenAL.framework in Frameworks */,
				D44C620E132DFF430009C878 /* AVFoundation.framework in Frameworks */,
				D44C6210132DFF4E0009C878 /* AudioToolbox.framework in Frameworks */,
			);
			runOnlyForDeploymentPostprocessing = 0;
		};
		5087E75C17EB910900C73F5D /* Frameworks */ = {
			isa = PBXFrameworksBuildPhase;
			buildActionMask = 2147483647;
			files = (
				ED545A7E1B68A1FA00C3958E /* libiconv.dylib in Frameworks */,
				1AC6FB21180E996B004C840B /* libcocos2d Mac.a in Frameworks */,
				5087E76717EB910900C73F5D /* libz.dylib in Frameworks */,
				8262943E1AAF051F00CB7CF7 /* Security.framework in Frameworks */,
				503AE11B17EB9C5A00D1A890 /* IOKit.framework in Frameworks */,
				5087E78B17EB975400C73F5D /* OpenGL.framework in Frameworks */,
				5087E78917EB974C00C73F5D /* AppKit.framework in Frameworks */,
				5087E76317EB910900C73F5D /* Foundation.framework in Frameworks */,
				5087E76817EB910900C73F5D /* QuartzCore.framework in Frameworks */,
				5087E76917EB910900C73F5D /* OpenAL.framework in Frameworks */,
				5087E76A17EB910900C73F5D /* AVFoundation.framework in Frameworks */,
				5087E76B17EB910900C73F5D /* AudioToolbox.framework in Frameworks */,
			);
			runOnlyForDeploymentPostprocessing = 0;
		};
/* End PBXFrameworksBuildPhase section */

/* Begin PBXGroup section */
		19C28FACFE9D520D11CA2CBB /* Products */ = {
			isa = PBXGroup;
			children = (
				1D6058910D05DD3D006BFB54 /* Cocos2dxLearning-mobile.app */,
				5087E76F17EB910900C73F5D /* Cocos2dxLearning-desktop.app */,
			);
			name = Products;
			sourceTree = "<group>";
		};
		1AC6FAE6180E9839004C840B /* Products */ = {
			isa = PBXGroup;
			children = (
				1AC6FAF9180E9839004C840B /* libcocos2d Mac.a */,
				1AC6FB07180E9839004C840B /* libcocos2d iOS.a */,
				1A7533E31F6F75F6007E8E6F /* libcocos2d tvOS.a */,
			);
			name = Products;
			sourceTree = "<group>";
		};
		1AF87B461F6F77D6007BE51C /* ios */ = {
			isa = PBXGroup;
			children = (
				548630032239F44500766B03 /* MyViewController.h */,
				548630022239F44400766B03 /* MyViewController.mm */,
				1A88B2631FC3D9C9005C14AE /* Images.xcassets */,
				1AF87B471F6F77D6007BE51C /* AppController.h */,
				1AF87B481F6F77D6007BE51C /* AppController.mm */,
				1AF87B581F6F77D6007BE51C /* Info.plist */,
				1AF87B591F6F77D6007BE51C /* LaunchScreen.storyboard */,
				1AF87B5A1F6F77D6007BE51C /* LaunchScreenBackground.png */,
				1AF87B5B1F6F77D6007BE51C /* main.m */,
				1AF87B5C1F6F77D6007BE51C /* Prefix.pch */,
				1AF87B5D1F6F77D6007BE51C /* RootViewController.h */,
				1AF87B5E1F6F77D6007BE51C /* RootViewController.mm */,
			);
			path = ios;
			sourceTree = "<group>";
		};
		29B97314FDCFA39411CA2CEA /* CustomTemplate */ = {
			isa = PBXGroup;
			children = (
				46880B8319C43A87006E1F66 /* Classes */,
				46880B7519C43A67006E1F66 /* Resources */,
				1AC6FAE5180E9839004C840B /* cocos2d_libs.xcodeproj */,
				29B97323FDCFA39411CA2CEA /* Frameworks */,
				1AF87B461F6F77D6007BE51C /* ios */,
				503AE10617EB990700D1A890 /* mac */,
				19C28FACFE9D520D11CA2CBB /* Products */,
			);
			name = CustomTemplate;
			sourceTree = "<group>";
		};
		29B97323FDCFA39411CA2CEA /* Frameworks */ = {
			isa = PBXGroup;
			children = (
				543A773A210DB6DF00CD4BC6 /* MediaPlayer.framework */,
				294D0D631D0D56D500F7F5D4 /* CoreText.framework */,
				ED545A7D1B68A1FA00C3958E /* libiconv.dylib */,
				ED545A7B1B68A1F400C3958E /* libiconv.dylib */,
				8262943D1AAF051F00CB7CF7 /* Security.framework */,
				52B47A461A53D09B004E4C60 /* Security.framework */,
				D6B0611A1803AB670077942B /* CoreMotion.framework */,
				503AE11A17EB9C5A00D1A890 /* IOKit.framework */,
				503AE11117EB99EE00D1A890 /* libcurl.dylib */,
				5087E78A17EB975400C73F5D /* OpenGL.framework */,
				5087E78817EB974C00C73F5D /* AppKit.framework */,
				1ACB3243164770DE00914215 /* libcurl.a */,
				BF170DB412928DE900B8313A /* libz.dylib */,
				D44C620F132DFF4E0009C878 /* AudioToolbox.framework */,
				D44C620D132DFF430009C878 /* AVFoundation.framework */,
				288765A40DF7441C002DB57D /* CoreGraphics.framework */,
				1D30AB110D05D00D00671497 /* Foundation.framework */,
				D44C620B132DFF330009C878 /* OpenAL.framework */,
				BF170DB012928DE900B8313A /* OpenGLES.framework */,
				BF1C47EA1293683800B63C5D /* QuartzCore.framework */,
				1DF5F4DF0D08C38300B7A737 /* UIKit.framework */,
			);
			name = Frameworks;
			sourceTree = "<group>";
		};
		46880B7519C43A67006E1F66 /* Resources */ = {
			isa = PBXGroup;
			children = (
				54862FD72239E0DC00766B03 /* animation */,
				54862FC72239E0D900766B03 /* animationbuttonnormal.png */,
				54862FDD2239E0DD00766B03 /* animationbuttonpressed.png */,
				54862FD02239E0DB00766B03 /* audio */,
				54862FC12239E0D800766B03 /* backtotopnormal.png */,
				54862FC42239E0D900766B03 /* backtotoppressed.png */,
				54862FCF2239E0DA00766B03 /* button.png */,
				54862FDF2239E0DE00766B03 /* buttonHighlighted.png */,
				54862FD12239E0DB00766B03 /* ccicon.png */,
				54862FC32239E0D900766B03 /* CloseNormal.png */,
				54862FD32239E0DB00766B03 /* CloseSelected.png */,
				54862FC22239E0D900766B03 /* dolphin */,
				54862FD62239E0DC00766B03 /* fonts */,
				54862FD22239E0DB00766B03 /* FZLTXIHK_1.TTF */,
				54862FE02239E0DE00766B03 /* grossini_dance_08.png */,
				54862FC92239E0DA00766B03 /* HelloWorld.png */,
				54862FDE2239E0DD00766B03 /* person.txt */,
				54862FCB2239E0DA00766B03 /* ps_danci_k1.png */,
				54862FDC2239E0DC00766B03 /* ps_game10_bj.png */,
				54862FCD2239E0DA00766B03 /* ps_jsu_anniu7.png */,
				54862FD52239E0DB00766B03 /* ps_juxingbj.png */,
				54862FC52239E0D900766B03 /* ps_luyin3.png */,
				54862FCE2239E0DA00766B03 /* ps_tingli_jindu2.png */,
				54862FC62239E0D900766B03 /* ps_tinglibj.png */,
				54862FDB2239E0DC00766B03 /* ps_xz_ditu.png */,
				54862FD82239E0DC00766B03 /* res */,
				54862FD42239E0DB00766B03 /* snow.png */,
				54862FCC2239E0DA00766B03 /* testbg.png */,
				54862FC82239E0DA00766B03 /* testsize.png */,
				54862FDA2239E0DC00766B03 /* video */,
				54862FD92239E0DC00766B03 /* word.plist */,
				54862FCA2239E0DA00766B03 /* word.pvr.ccz */,
			);
			name = Resources;
			path = ../Resources;
			sourceTree = "<group>";
		};
		46880B8319C43A87006E1F66 /* Classes */ = {
			isa = PBXGroup;
			children = (
				54862F622239E0BF00766B03 /* advance */,
				54862F742239E0C000766B03 /* AppDelegate.cpp */,
				54862F612239E0BF00766B03 /* AppDelegate.h */,
				54862F752239E0C000766B03 /* AutoSizeLayout.cpp */,
				54862F8E2239E0C200766B03 /* AutoSizeLayout.h */,
				54862F252239E0BE00766B03 /* base */,
				54862F662239E0BF00766B03 /* callnative */,
				54862F822239E0C100766B03 /* cbase */,
				54862F6E2239E0C000766B03 /* database */,
				54862F782239E0C100766B03 /* download */,
				54862F772239E0C000766B03 /* hppdir */,
				54862F852239E0C100766B03 /* json.hpp */,
				54862F872239E0C200766B03 /* login */,
				54862F7B2239E0C100766B03 /* MainScene.cpp */,
				54862F602239E0BF00766B03 /* MainScene.h */,
				54862F8F2239E0C200766B03 /* md5.cpp */,
				54862F762239E0C000766B03 /* md5.h */,
				54862F7D2239E0C100766B03 /* mvp */,
				54862F902239E0C200766B03 /* network */,
				54862F6B2239E0BF00766B03 /* node */,
				54862F7C2239E0C100766B03 /* Person.cpp */,
				54862F862239E0C200766B03 /* Person.h */,
				54862F952239E0C300766B03 /* widget */,
			);
			name = Classes;
			path = ../Classes;
			sourceTree = "<group>";
		};
		503AE0F517EB97AB00D1A890 /* Icons */ = {
			isa = PBXGroup;
			children = (
				503AE0F617EB97AB00D1A890 /* Icon.icns */,
				503AE0F717EB97AB00D1A890 /* Info.plist */,
			);
			name = Icons;
			path = mac;
			sourceTree = SOURCE_ROOT;
		};
		503AE10617EB990700D1A890 /* mac */ = {
			isa = PBXGroup;
			children = (
				503AE0F517EB97AB00D1A890 /* Icons */,
				503AE10317EB98FF00D1A890 /* main.cpp */,
				503AE10417EB98FF00D1A890 /* Prefix.pch */,
			);
			name = mac;
			sourceTree = "<group>";
		};
		54862F252239E0BE00766B03 /* base */ = {
			isa = PBXGroup;
			children = (
				54862F262239E0BE00766B03 /* ui */,
				54862F472239E0BF00766B03 /* userdefault */,
				54862F4A2239E0BF00766B03 /* ABaseScene.cpp */,
				54862F4B2239E0BF00766B03 /* utils */,
				54862F4E2239E0BF00766B03 /* extensions */,
				54862F532239E0BF00766B03 /* audio */,
				54862F562239E0BF00766B03 /* JniScene.h */,
				54862F572239E0BF00766B03 /* BaseScene.h */,
				54862F582239E0BF00766B03 /* BaseScene.cpp */,
				54862F592239E0BF00766B03 /* JniScene.cpp */,
				54862F5A2239E0BF00766B03 /* 2d */,
				54862F5F2239E0BF00766B03 /* ABaseScene.h */,
			);
			path = base;
			sourceTree = "<group>";
		};
		54862F262239E0BE00766B03 /* ui */ = {
			isa = PBXGroup;
			children = (
				54862F272239E0BE00766B03 /* scrollview */,
				54862F2A2239E0BE00766B03 /* tableview */,
				54862F2F2239E0BE00766B03 /* imageview */,
				54862F322239E0BE00766B03 /* layout */,
				54862F352239E0BE00766B03 /* videoplayer */,
				54862F382239E0BE00766B03 /* listview */,
				54862F3B2239E0BE00766B03 /* button */,
				54862F3E2239E0BE00766B03 /* tabcontrol */,
				54862F412239E0BE00766B03 /* text */,
				54862F442239E0BF00766B03 /* drawnode */,
			);
			path = ui;
			sourceTree = "<group>";
		};
		54862F272239E0BE00766B03 /* scrollview */ = {
			isa = PBXGroup;
			children = (
				54862F282239E0BE00766B03 /* ScrollViewScene.h */,
				54862F292239E0BE00766B03 /* ScrollViewScene.cpp */,
			);
			path = scrollview;
			sourceTree = "<group>";
		};
		54862F2A2239E0BE00766B03 /* tableview */ = {
			isa = PBXGroup;
			children = (
				54862F2B2239E0BE00766B03 /* TableViewScene.cpp */,
				54862F2C2239E0BE00766B03 /* CustomViewCell.h */,
				54862F2D2239E0BE00766B03 /* TableViewScene.h */,
				54862F2E2239E0BE00766B03 /* CustomViewCell.cpp */,
			);
			path = tableview;
			sourceTree = "<group>";
		};
		54862F2F2239E0BE00766B03 /* imageview */ = {
			isa = PBXGroup;
			children = (
				54862F302239E0BE00766B03 /* ImageViewScene.h */,
				54862F312239E0BE00766B03 /* ImageViewScene.cpp */,
			);
			path = imageview;
			sourceTree = "<group>";
		};
		54862F322239E0BE00766B03 /* layout */ = {
			isa = PBXGroup;
			children = (
				54862F332239E0BE00766B03 /* LayoutScene.h */,
				54862F342239E0BE00766B03 /* LayoutScene.cpp */,
			);
			path = layout;
			sourceTree = "<group>";
		};
		54862F352239E0BE00766B03 /* videoplayer */ = {
			isa = PBXGroup;
			children = (
				54862F362239E0BE00766B03 /* VideoPlayerScene.h */,
				54862F372239E0BE00766B03 /* VideoPlayerScene.cpp */,
			);
			path = videoplayer;
			sourceTree = "<group>";
		};
		54862F382239E0BE00766B03 /* listview */ = {
			isa = PBXGroup;
			children = (
				54862F392239E0BE00766B03 /* ListViewScene.h */,
				54862F3A2239E0BE00766B03 /* ListViewScene.cpp */,
			);
			path = listview;
			sourceTree = "<group>";
		};
		54862F3B2239E0BE00766B03 /* button */ = {
			isa = PBXGroup;
			children = (
				54862F3C2239E0BE00766B03 /* ButtonScene.cpp */,
				54862F3D2239E0BE00766B03 /* ButtonScene.h */,
			);
			path = button;
			sourceTree = "<group>";
		};
		54862F3E2239E0BE00766B03 /* tabcontrol */ = {
			isa = PBXGroup;
			children = (
				54862F3F2239E0BE00766B03 /* TabControlScene.h */,
				54862F402239E0BE00766B03 /* TabControlScene.cpp */,
			);
			path = tabcontrol;
			sourceTree = "<group>";
		};
		54862F412239E0BE00766B03 /* text */ = {
			isa = PBXGroup;
			children = (
				54862F422239E0BE00766B03 /* TextScene.h */,
				54862F432239E0BF00766B03 /* TextScene.cpp */,
			);
			path = text;
			sourceTree = "<group>";
		};
		54862F442239E0BF00766B03 /* drawnode */ = {
			isa = PBXGroup;
			children = (
				54862F452239E0BF00766B03 /* DrawNodeScene.h */,
				54862F462239E0BF00766B03 /* DrawNodeScene.cpp */,
			);
			path = drawnode;
			sourceTree = "<group>";
		};
		54862F472239E0BF00766B03 /* userdefault */ = {
			isa = PBXGroup;
			children = (
				54862F482239E0BF00766B03 /* UserDefaultScene.h */,
				54862F492239E0BF00766B03 /* UserDefaultScene.cpp */,
			);
			path = userdefault;
			sourceTree = "<group>";
		};
		54862F4B2239E0BF00766B03 /* utils */ = {
			isa = PBXGroup;
			children = (
				54862F4C2239E0BF00766B03 /* StringUtilsScene.cpp */,
				54862F4D2239E0BF00766B03 /* StringUtilsScene.h */,
			);
			path = utils;
			sourceTree = "<group>";
		};
		54862F4E2239E0BF00766B03 /* extensions */ = {
			isa = PBXGroup;
			children = (
				54862F4F2239E0BF00766B03 /* TableViewTestScene.cpp */,
				54862F502239E0BF00766B03 /* TableItemView.h */,
				54862F512239E0BF00766B03 /* TableItemView.cpp */,
				54862F522239E0BF00766B03 /* TableViewTestScene.h */,
			);
			path = extensions;
			sourceTree = "<group>";
		};
		54862F532239E0BF00766B03 /* audio */ = {
			isa = PBXGroup;
			children = (
				54862F542239E0BF00766B03 /* AudioEngineScene.h */,
				54862F552239E0BF00766B03 /* AudioEngineScene.cpp */,
			);
			path = audio;
			sourceTree = "<group>";
		};
		54862F5A2239E0BF00766B03 /* 2d */ = {
			isa = PBXGroup;
			children = (
				54862F5B2239E0BF00766B03 /* res */,
				54862F5C2239E0BF00766B03 /* transitionscene */,
			);
			path = 2d;
			sourceTree = "<group>";
		};
		54862F5B2239E0BF00766B03 /* res */ = {
			isa = PBXGroup;
			children = (
			);
			path = res;
			sourceTree = "<group>";
		};
		54862F5C2239E0BF00766B03 /* transitionscene */ = {
			isa = PBXGroup;
			children = (
				54862F5D2239E0BF00766B03 /* TransitionTestScene.h */,
				54862F5E2239E0BF00766B03 /* TransitionTestScene.cpp */,
			);
			path = transitionscene;
			sourceTree = "<group>";
		};
		54862F622239E0BF00766B03 /* advance */ = {
			isa = PBXGroup;
			children = (
				54862F632239E0BF00766B03 /* eraser */,
			);
			path = advance;
			sourceTree = "<group>";
		};
		54862F632239E0BF00766B03 /* eraser */ = {
			isa = PBXGroup;
			children = (
				54862F642239E0BF00766B03 /* EraserScene.h */,
				54862F652239E0BF00766B03 /* EraserScene.cpp */,
			);
			path = eraser;
			sourceTree = "<group>";
		};
		54862F662239E0BF00766B03 /* callnative */ = {
			isa = PBXGroup;
			children = (
				54862F672239E0BF00766B03 /* CallIOS.mm */,
				54862F682239E0BF00766B03 /* CallNativeInterface.h */,
				54862F692239E0BF00766B03 /* CallAndroid.cpp */,
				54862F6A2239E0BF00766B03 /* CallIOS.h */,
			);
			path = callnative;
			sourceTree = "<group>";
		};
		54862F6B2239E0BF00766B03 /* node */ = {
			isa = PBXGroup;
			children = (
				54862F6C2239E0BF00766B03 /* TestLayerScene.cpp */,
				54862F6D2239E0BF00766B03 /* TestLayerScene.h */,
			);
			path = node;
			sourceTree = "<group>";
		};
		54862F6E2239E0C000766B03 /* database */ = {
			isa = PBXGroup;
			children = (
				54862F6F2239E0C000766B03 /* sqlite */,
				54862F712239E0C000766B03 /* DatabaseModule.cpp */,
				54862F722239E0C000766B03 /* sqlite3.h */,
				54862F732239E0C000766B03 /* DatabaseModule.h */,
			);
			path = database;
			sourceTree = "<group>";
		};
		54862F6F2239E0C000766B03 /* sqlite */ = {
			isa = PBXGroup;
			children = (
				54862F702239E0C000766B03 /* sqlite3.c */,
			);
			path = sqlite;
			sourceTree = "<group>";
		};
		54862F772239E0C000766B03 /* hppdir */ = {
			isa = PBXGroup;
			children = (
			);
			path = hppdir;
			sourceTree = "<group>";
		};
		54862F782239E0C100766B03 /* download */ = {
			isa = PBXGroup;
			children = (
				54862F792239E0C100766B03 /* DownloadModule.h */,
				54862F7A2239E0C100766B03 /* DownloadModule.cpp */,
			);
			path = download;
			sourceTree = "<group>";
		};
		54862F7D2239E0C100766B03 /* mvp */ = {
			isa = PBXGroup;
			children = (
				54862F7E2239E0C100766B03 /* BasePresenter.h */,
				54862F7F2239E0C100766B03 /* BaseView.h */,
				54862F802239E0C100766B03 /* BasePresenter.cpp */,
				54862F812239E0C100766B03 /* BaseView.cpp */,
			);
			path = mvp;
			sourceTree = "<group>";
		};
		54862F822239E0C100766B03 /* cbase */ = {
			isa = PBXGroup;
			children = (
				54862F832239E0C100766B03 /* StringChangeScene.h */,
				54862F842239E0C100766B03 /* StringChangeScene.cpp */,
			);
			path = cbase;
			sourceTree = "<group>";
		};
		54862F872239E0C200766B03 /* login */ = {
			isa = PBXGroup;
			children = (
				54862F882239E0C200766B03 /* LoginView.h */,
				54862F892239E0C200766B03 /* LoginContract.cpp */,
				54862F8A2239E0C200766B03 /* LoginPresenter.cpp */,
				54862F8B2239E0C200766B03 /* LoginContract.h */,
				54862F8C2239E0C200766B03 /* LoginView.cpp */,
				54862F8D2239E0C200766B03 /* LoginPresenter.h */,
			);
			path = login;
			sourceTree = "<group>";
		};
		54862F902239E0C200766B03 /* network */ = {
			isa = PBXGroup;
			children = (
				54862F912239E0C200766B03 /* GoHttp.cpp */,
				54862F922239E0C200766B03 /* TestNetworkScene.cpp */,
				54862F932239E0C200766B03 /* GoHttp.h */,
				54862F942239E0C200766B03 /* TestNetworkScene.h */,
			);
			path = network;
			sourceTree = "<group>";
		};
		54862F952239E0C300766B03 /* widget */ = {
			isa = PBXGroup;
			children = (
				54862F962239E0C300766B03 /* Toast.cpp */,
				54862F972239E0C300766B03 /* Toast.h */,
			);
			path = widget;
			sourceTree = "<group>";
		};
/* End PBXGroup section */

/* Begin PBXNativeTarget section */
		1D6058900D05DD3D006BFB54 /* Cocos2dxLearning-mobile */ = {
			isa = PBXNativeTarget;
			buildConfigurationList = 1D6058960D05DD3E006BFB54 /* Build configuration list for PBXNativeTarget "Cocos2dxLearning-mobile" */;
			buildPhases = (
				1D60588D0D05DD3D006BFB54 /* Resources */,
				1D60588E0D05DD3D006BFB54 /* Sources */,
				1D60588F0D05DD3D006BFB54 /* Frameworks */,
			);
			buildRules = (
			);
			dependencies = (
				1AC6FB25180E99E1004C840B /* PBXTargetDependency */,
			);
			name = "Cocos2dxLearning-mobile";
			productName = iphone;
			productReference = 1D6058910D05DD3D006BFB54 /* Cocos2dxLearning-mobile.app */;
			productType = "com.apple.product-type.application";
		};
		5087E73D17EB910900C73F5D /* Cocos2dxLearning-desktop */ = {
			isa = PBXNativeTarget;
			buildConfigurationList = 5087E76C17EB910900C73F5D /* Build configuration list for PBXNativeTarget "Cocos2dxLearning-desktop" */;
			buildPhases = (
				5087E74817EB910900C73F5D /* Resources */,
				5087E75617EB910900C73F5D /* Sources */,
				5087E75C17EB910900C73F5D /* Frameworks */,
			);
			buildRules = (
			);
			dependencies = (
				1AC6FB16180E9959004C840B /* PBXTargetDependency */,
			);
			name = "Cocos2dxLearning-desktop";
			productName = iphone;
			productReference = 5087E76F17EB910900C73F5D /* Cocos2dxLearning-desktop.app */;
			productType = "com.apple.product-type.application";
		};
/* End PBXNativeTarget section */

/* Begin PBXProject section */
		29B97313FDCFA39411CA2CEA /* Project object */ = {
			isa = PBXProject;
			attributes = {
				LastUpgradeCheck = 0500;
				TargetAttributes = {
					1D6058900D05DD3D006BFB54 = {
						DevelopmentTeam = G77VPA7RGP;
					};
				};
			};
			buildConfigurationList = C01FCF4E08A954540054247B /* Build configuration list for PBXProject "Cocos2dxLearning" */;
			compatibilityVersion = "Xcode 3.2";
			developmentRegion = English;
			hasScannedForEncodings = 1;
			knownRegions = (
				English,
				Japanese,
				French,
				German,
			);
			mainGroup = 29B97314FDCFA39411CA2CEA /* CustomTemplate */;
			projectDirPath = "";
			projectReferences = (
				{
					ProductGroup = 1AC6FAE6180E9839004C840B /* Products */;
					ProjectRef = 1AC6FAE5180E9839004C840B /* cocos2d_libs.xcodeproj */;
				},
			);
			projectRoot = "";
			targets = (
				1D6058900D05DD3D006BFB54 /* Cocos2dxLearning-mobile */,
				5087E73D17EB910900C73F5D /* Cocos2dxLearning-desktop */,
			);
		};
/* End PBXProject section */

/* Begin PBXReferenceProxy section */
		1A7533E31F6F75F6007E8E6F /* libcocos2d tvOS.a */ = {
			isa = PBXReferenceProxy;
			fileType = archive.ar;
			path = "libcocos2d tvOS.a";
			remoteRef = 1A7533E21F6F75F6007E8E6F /* PBXContainerItemProxy */;
			sourceTree = BUILT_PRODUCTS_DIR;
		};
		1AC6FAF9180E9839004C840B /* libcocos2d Mac.a */ = {
			isa = PBXReferenceProxy;
			fileType = archive.ar;
			path = "libcocos2d Mac.a";
			remoteRef = 1AC6FAF8180E9839004C840B /* PBXContainerItemProxy */;
			sourceTree = BUILT_PRODUCTS_DIR;
		};
		1AC6FB07180E9839004C840B /* libcocos2d iOS.a */ = {
			isa = PBXReferenceProxy;
			fileType = archive.ar;
			path = "libcocos2d iOS.a";
			remoteRef = 1AC6FB06180E9839004C840B /* PBXContainerItemProxy */;
			sourceTree = BUILT_PRODUCTS_DIR;
		};
/* End PBXReferenceProxy section */

/* Begin PBXResourcesBuildPhase section */
		1D60588D0D05DD3D006BFB54 /* Resources */ = {
			isa = PBXResourcesBuildPhase;
			buildActionMask = 2147483647;
			files = (
				54862FEB2239E0DE00766B03 /* ps_danci_k1.png in Resources */,
				54862FFF2239E0DE00766B03 /* buttonHighlighted.png in Resources */,
				54862FF32239E0DE00766B03 /* CloseSelected.png in Resources */,
				54862FFB2239E0DE00766B03 /* ps_xz_ditu.png in Resources */,
				1A88B2641FC3D9C9005C14AE /* Images.xcassets in Resources */,
				54862FF72239E0DE00766B03 /* animation in Resources */,
				54862FE62239E0DE00766B03 /* ps_tinglibj.png in Resources */,
				54862FEC2239E0DE00766B03 /* testbg.png in Resources */,
				54862FE82239E0DE00766B03 /* testsize.png in Resources */,
				54862FF42239E0DE00766B03 /* snow.png in Resources */,
				548630002239E0DE00766B03 /* grossini_dance_08.png in Resources */,
				54862FF02239E0DE00766B03 /* audio in Resources */,
				54862FE42239E0DE00766B03 /* backtotoppressed.png in Resources */,
				54862FE72239E0DE00766B03 /* animationbuttonnormal.png in Resources */,
				54862FEF2239E0DE00766B03 /* button.png in Resources */,
				54862FF62239E0DE00766B03 /* fonts in Resources */,
				54862FE32239E0DE00766B03 /* CloseNormal.png in Resources */,
				1AF87B891F6F781D007BE51C /* LaunchScreenBackground.png in Resources */,
				54862FED2239E0DE00766B03 /* ps_jsu_anniu7.png in Resources */,
				54862FF22239E0DE00766B03 /* FZLTXIHK_1.TTF in Resources */,
				54862FEE2239E0DE00766B03 /* ps_tingli_jindu2.png in Resources */,
				54862FF82239E0DE00766B03 /* res in Resources */,
				54862FFE2239E0DE00766B03 /* person.txt in Resources */,
				54862FEA2239E0DE00766B03 /* word.pvr.ccz in Resources */,
				54862FF92239E0DE00766B03 /* word.plist in Resources */,
				54862FFC2239E0DE00766B03 /* ps_game10_bj.png in Resources */,
				54862FE12239E0DE00766B03 /* backtotopnormal.png in Resources */,
				54862FE22239E0DE00766B03 /* dolphin in Resources */,
				54862FF12239E0DE00766B03 /* ccicon.png in Resources */,
				54862FE92239E0DE00766B03 /* HelloWorld.png in Resources */,
				54862FF52239E0DE00766B03 /* ps_juxingbj.png in Resources */,
				54862FE52239E0DE00766B03 /* ps_luyin3.png in Resources */,
				54862FFA2239E0DE00766B03 /* video in Resources */,
				1AF87B881F6F781D007BE51C /* LaunchScreen.storyboard in Resources */,
				54862FFD2239E0DE00766B03 /* animationbuttonpressed.png in Resources */,
			);
			runOnlyForDeploymentPostprocessing = 0;
		};
		5087E74817EB910900C73F5D /* Resources */ = {
			isa = PBXResourcesBuildPhase;
			buildActionMask = 2147483647;
			files = (
				503AE0F817EB97AB00D1A890 /* Icon.icns in Resources */,
			);
			runOnlyForDeploymentPostprocessing = 0;
		};
/* End PBXResourcesBuildPhase section */

/* Begin PBXSourcesBuildPhase section */
		1D60588E0D05DD3D006BFB54 /* Sources */ = {
			isa = PBXSourcesBuildPhase;
			buildActionMask = 2147483647;
			files = (
				54862FB92239E0C300766B03 /* StringChangeScene.cpp in Sources */,
				54862FAC2239E0C300766B03 /* EraserScene.cpp in Sources */,
				54862FB42239E0C300766B03 /* DownloadModule.cpp in Sources */,
				54862F982239E0C300766B03 /* ScrollViewScene.cpp in Sources */,
				54862FB22239E0C300766B03 /* AppDelegate.cpp in Sources */,
				54862FC02239E0C300766B03 /* Toast.cpp in Sources */,
				54862FAD2239E0C300766B03 /* CallIOS.mm in Sources */,
				54862FA12239E0C300766B03 /* TextScene.cpp in Sources */,
				54862F9F2239E0C300766B03 /* ButtonScene.cpp in Sources */,
				54862F9B2239E0C300766B03 /* ImageViewScene.cpp in Sources */,
				54862FA62239E0C300766B03 /* TableViewTestScene.cpp in Sources */,
				54862FBC2239E0C300766B03 /* LoginView.cpp in Sources */,
				54862F992239E0C300766B03 /* TableViewScene.cpp in Sources */,
				1AF87B781F6F77F7007BE51C /* AppController.mm in Sources */,
				54862FB52239E0C300766B03 /* MainScene.cpp in Sources */,
				54862FA72239E0C300766B03 /* TableItemView.cpp in Sources */,
				54862FAA2239E0C300766B03 /* JniScene.cpp in Sources */,
				54862FBA2239E0C300766B03 /* LoginContract.cpp in Sources */,
				54862F9C2239E0C300766B03 /* LayoutScene.cpp in Sources */,
				54862FB12239E0C300766B03 /* DatabaseModule.cpp in Sources */,
				54862FBF2239E0C300766B03 /* TestNetworkScene.cpp in Sources */,
				54862FA92239E0C300766B03 /* BaseScene.cpp in Sources */,
				54862FB72239E0C300766B03 /* BasePresenter.cpp in Sources */,
				54862FAE2239E0C300766B03 /* CallAndroid.cpp in Sources */,
				54862FA02239E0C300766B03 /* TabControlScene.cpp in Sources */,
				54862F9A2239E0C300766B03 /* CustomViewCell.cpp in Sources */,
				54862FB62239E0C300766B03 /* Person.cpp in Sources */,
				54862FA82239E0C300766B03 /* AudioEngineScene.cpp in Sources */,
				54862FBD2239E0C300766B03 /* md5.cpp in Sources */,
				54862FB82239E0C300766B03 /* BaseView.cpp in Sources */,
				54862FA42239E0C300766B03 /* ABaseScene.cpp in Sources */,
				1AF87B8B1F6F782A007BE51C /* RootViewController.mm in Sources */,
				548630042239F44500766B03 /* MyViewController.mm in Sources */,
				54862FB02239E0C300766B03 /* sqlite3.c in Sources */,
				54862FBE2239E0C300766B03 /* GoHttp.cpp in Sources */,
				54862FAF2239E0C300766B03 /* TestLayerScene.cpp in Sources */,
				54862FB32239E0C300766B03 /* AutoSizeLayout.cpp in Sources */,
				54862FAB2239E0C300766B03 /* TransitionTestScene.cpp in Sources */,
				54862FBB2239E0C300766B03 /* LoginPresenter.cpp in Sources */,
				54862F9E2239E0C300766B03 /* ListViewScene.cpp in Sources */,
				1AF87B8A1F6F7822007BE51C /* main.m in Sources */,
				54862FA32239E0C300766B03 /* UserDefaultScene.cpp in Sources */,
				54862FA22239E0C300766B03 /* DrawNodeScene.cpp in Sources */,
				54862FA52239E0C300766B03 /* StringUtilsScene.cpp in Sources */,
				54862F9D2239E0C300766B03 /* VideoPlayerScene.cpp in Sources */,
			);
			runOnlyForDeploymentPostprocessing = 0;
		};
		5087E75617EB910900C73F5D /* Sources */ = {
			isa = PBXSourcesBuildPhase;
			buildActionMask = 2147483647;
			files = (
				503AE10517EB98FF00D1A890 /* main.cpp in Sources */,
			);
			runOnlyForDeploymentPostprocessing = 0;
		};
/* End PBXSourcesBuildPhase section */

/* Begin PBXTargetDependency section */
		1AC6FB16180E9959004C840B /* PBXTargetDependency */ = {
			isa = PBXTargetDependency;
			name = "cocos2dx Mac";
			targetProxy = 1AC6FB15180E9959004C840B /* PBXContainerItemProxy */;
		};
		1AC6FB25180E99E1004C840B /* PBXTargetDependency */ = {
			isa = PBXTargetDependency;
			name = "cocos2dx iOS";
			targetProxy = 1AC6FB24180E99E1004C840B /* PBXContainerItemProxy */;
		};
/* End PBXTargetDependency section */

/* Begin XCBuildConfiguration section */
		1D6058940D05DD3E006BFB54 /* Debug */ = {
			isa = XCBuildConfiguration;
			buildSettings = {
				ALWAYS_SEARCH_USER_PATHS = YES;
				ASSETCATALOG_COMPILER_APPICON_NAME = AppIcon;
				CODE_SIGN_IDENTITY = "iPhone Developer";
				COMPRESS_PNG_FILES = NO;
				DEVELOPMENT_TEAM = G77VPA7RGP;
				ENABLE_BITCODE = NO;
				GCC_DYNAMIC_NO_PIC = NO;
				GCC_INLINES_ARE_PRIVATE_EXTERN = NO;
				GCC_PRECOMPILE_PREFIX_HEADER = YES;
				GCC_PREFIX_HEADER = ios/Prefix.pch;
				GCC_PREPROCESSOR_DEFINITIONS = (
					USE_FILE32API,
					"COCOS2D_DEBUG=1",
					"CC_ENABLE_CHIPMUNK_INTEGRATION=1",
				);
				GCC_SYMBOLS_PRIVATE_EXTERN = NO;
				HEADER_SEARCH_PATHS = "$(inherited)";
				INFOPLIST_FILE = ios/Info.plist;
				IPHONEOS_DEPLOYMENT_TARGET = 8.0;
				LIBRARY_SEARCH_PATHS = "";
				OTHER_LDFLAGS = (
					"$(_COCOS_LIB_IOS_BEGIN)",
					"$(_COCOS_LIB_IOS_END)",
				);
				SDKROOT = iphoneos;
				STRIP_PNG_TEXT = NO;
				TARGETED_DEVICE_FAMILY = 1;
				USER_HEADER_SEARCH_PATHS = "$(_COCOS_HEADER_IOS_BEGIN) $(_COCOS_HEADER_IOS_END)";
				VALID_ARCHS = "arm64 armv7";
			};
			name = Debug;
		};
		1D6058950D05DD3E006BFB54 /* Release */ = {
			isa = XCBuildConfiguration;
			buildSettings = {
				ALWAYS_SEARCH_USER_PATHS = YES;
				ASSETCATALOG_COMPILER_APPICON_NAME = AppIcon;
				CODE_SIGN_IDENTITY = "iPhone Developer";
				COMPRESS_PNG_FILES = NO;
				DEVELOPMENT_TEAM = G77VPA7RGP;
				ENABLE_BITCODE = NO;
				GCC_INLINES_ARE_PRIVATE_EXTERN = NO;
				GCC_PRECOMPILE_PREFIX_HEADER = YES;
				GCC_PREFIX_HEADER = ios/Prefix.pch;
				GCC_PREPROCESSOR_DEFINITIONS = (
					USE_FILE32API,
					"CC_ENABLE_CHIPMUNK_INTEGRATION=1",
					NDEBUG,
				);
				GCC_SYMBOLS_PRIVATE_EXTERN = NO;
				HEADER_SEARCH_PATHS = "$(inherited)";
				INFOPLIST_FILE = ios/Info.plist;
				IPHONEOS_DEPLOYMENT_TARGET = 8.0;
				LIBRARY_SEARCH_PATHS = "";
				OTHER_LDFLAGS = (
					"$(_COCOS_LIB_IOS_BEGIN)",
					"$(_COCOS_LIB_IOS_END)",
				);
				SDKROOT = iphoneos;
				STRIP_PNG_TEXT = NO;
				TARGETED_DEVICE_FAMILY = 1;
				USER_HEADER_SEARCH_PATHS = "$(_COCOS_HEADER_IOS_BEGIN) $(_COCOS_HEADER_IOS_END)";
				VALID_ARCHS = "arm64 armv7";
			};
			name = Release;
		};
		5087E76D17EB910900C73F5D /* Debug */ = {
			isa = XCBuildConfiguration;
			buildSettings = {
				ALWAYS_SEARCH_USER_PATHS = YES;
				ARCHS = "$(ARCHS_STANDARD_64_BIT)";
				CLANG_CXX_LANGUAGE_STANDARD = "c++0x";
				CLANG_CXX_LIBRARY = "libc++";
				GCC_DYNAMIC_NO_PIC = NO;
				GCC_INLINES_ARE_PRIVATE_EXTERN = NO;
				GCC_PRECOMPILE_PREFIX_HEADER = YES;
				GCC_PREFIX_HEADER = mac/Prefix.pch;
				GCC_PREPROCESSOR_DEFINITIONS = (
					USE_FILE32API,
					"COCOS2D_DEBUG=1",
					"CC_ENABLE_CHIPMUNK_INTEGRATION=1",
				);
				GCC_SYMBOLS_PRIVATE_EXTERN = NO;
				HEADER_SEARCH_PATHS = (
					"$(inherited)",
					"$(SRCROOT)/../cocos2d/external/glfw3/include/mac",
				);
				INFOPLIST_FILE = mac/Info.plist;
				LIBRARY_SEARCH_PATHS = "";
				OTHER_LDFLAGS = (
					"$(_COCOS_LIB_MAC_BEGIN)",
					"$(_COCOS_LIB_MAC_END)",
				);
				USER_HEADER_SEARCH_PATHS = "$(_COCOS_HEADER_MAC_BEGIN) $(_COCOS_HEADER_MAC_END)";
			};
			name = Debug;
		};
		5087E76E17EB910900C73F5D /* Release */ = {
			isa = XCBuildConfiguration;
			buildSettings = {
				ALWAYS_SEARCH_USER_PATHS = YES;
				ARCHS = "$(ARCHS_STANDARD_64_BIT)";
				CLANG_CXX_LANGUAGE_STANDARD = "c++0x";
				CLANG_CXX_LIBRARY = "libc++";
				GCC_INLINES_ARE_PRIVATE_EXTERN = NO;
				GCC_PRECOMPILE_PREFIX_HEADER = YES;
				GCC_PREFIX_HEADER = mac/Prefix.pch;
				GCC_PREPROCESSOR_DEFINITIONS = (
					USE_FILE32API,
					"CC_ENABLE_CHIPMUNK_INTEGRATION=1",
					NDEBUG,
				);
				GCC_SYMBOLS_PRIVATE_EXTERN = NO;
				HEADER_SEARCH_PATHS = (
					"$(inherited)",
					"$(SRCROOT)/../cocos2d/external/glfw3/include/mac",
				);
				INFOPLIST_FILE = mac/Info.plist;
				LIBRARY_SEARCH_PATHS = "";
				OTHER_LDFLAGS = (
					"$(_COCOS_LIB_MAC_BEGIN)",
					"$(_COCOS_LIB_MAC_END)",
				);
				USER_HEADER_SEARCH_PATHS = "$(_COCOS_HEADER_MAC_BEGIN) $(_COCOS_HEADER_MAC_END)";
			};
			name = Release;
		};
		C01FCF4F08A954540054247B /* Debug */ = {
			isa = XCBuildConfiguration;
			buildSettings = {
				CLANG_CXX_LANGUAGE_STANDARD = "c++0x";
				CLANG_CXX_LIBRARY = "libc++";
				COPY_PHASE_STRIP = NO;
				GCC_OPTIMIZATION_LEVEL = 0;
				GCC_WARN_ABOUT_RETURN_TYPE = YES;
				GCC_WARN_UNUSED_VARIABLE = YES;
				HEADER_SEARCH_PATHS = (
					"$(SRCROOT)/../cocos2d",
					"$(SRCROOT)/../cocos2d/cocos/audio/include",
					"$(SRCROOT)/../cocos2d/cocos",
					"$(SRCROOT)/../cocos2d/extensions",
					"$(SRCROOT)/../cocos2d/external",
					"$(SRCROOT)/../cocos2d/external/chipmunk/include/chipmunk",
					"$(SRCROOT)/../cocos2d/cocos/editor-support",
				);
				IPHONEOS_DEPLOYMENT_TARGET = 6.0;
				MACOSX_DEPLOYMENT_TARGET = 10.7;
				ONLY_ACTIVE_ARCH = YES;
				PRODUCT_NAME = "$(TARGET_NAME)";
				SDKROOT = macosx;
			};
			name = Debug;
		};
		C01FCF5008A954540054247B /* Release */ = {
			isa = XCBuildConfiguration;
			buildSettings = {
				CLANG_CXX_LANGUAGE_STANDARD = "c++0x";
				CLANG_CXX_LIBRARY = "libc++";
				GCC_WARN_ABOUT_RETURN_TYPE = YES;
				GCC_WARN_UNUSED_VARIABLE = YES;
				HEADER_SEARCH_PATHS = (
					"$(SRCROOT)/../cocos2d",
					"$(SRCROOT)/../cocos2d/cocos/audio/include",
					"$(SRCROOT)/../cocos2d/cocos",
					"$(SRCROOT)/../cocos2d/extensions",
					"$(SRCROOT)/../cocos2d/external",
					"$(SRCROOT)/../cocos2d/external/chipmunk/include/chipmunk",
					"$(SRCROOT)/../cocos2d/cocos/editor-support",
				);
				IPHONEOS_DEPLOYMENT_TARGET = 6.0;
				MACOSX_DEPLOYMENT_TARGET = 10.7;
				OTHER_CFLAGS = "-DNS_BLOCK_ASSERTIONS=1";
				PRODUCT_NAME = "$(TARGET_NAME)";
				SDKROOT = macosx;
				VALIDATE_PRODUCT = YES;
			};
			name = Release;
		};
/* End XCBuildConfiguration section */

/* Begin XCConfigurationList section */
		1D6058960D05DD3E006BFB54 /* Build configuration list for PBXNativeTarget "Cocos2dxLearning-mobile" */ = {
			isa = XCConfigurationList;
			buildConfigurations = (
				1D6058940D05DD3E006BFB54 /* Debug */,
				1D6058950D05DD3E006BFB54 /* Release */,
			);
			defaultConfigurationIsVisible = 0;
			defaultConfigurationName = Debug;
		};
		5087E76C17EB910900C73F5D /* Build configuration list for PBXNativeTarget "Cocos2dxLearning-desktop" */ = {
			isa = XCConfigurationList;
			buildConfigurations = (
				5087E76D17EB910900C73F5D /* Debug */,
				5087E76E17EB910900C73F5D /* Release */,
			);
			defaultConfigurationIsVisible = 0;
			defaultConfigurationName = Debug;
		};
		C01FCF4E08A954540054247B /* Build configuration list for PBXProject "Cocos2dxLearning" */ = {
			isa = XCConfigurationList;
			buildConfigurations = (
				C01FCF4F08A954540054247B /* Debug */,
				C01FCF5008A954540054247B /* Release */,
			);
			defaultConfigurationIsVisible = 0;
			defaultConfigurationName = Debug;
		};
/* End XCConfigurationList section */
	};
	rootObject = 29B97313FDCFA39411CA2CEA /* Project object */;
}
